{
  "version": 4,
  "terraform_version": "1.10.5",
  "serial": 204,
  "lineage": "de67016a-2c4a-5e1d-dbac-76afb8aab3ea",
  "outputs": {
    "instance_public_ip": {
      "value": "18.171.161.5",
      "type": "string"
    }
  },
  "resources": [
    {
      "mode": "managed",
      "type": "aws_instance",
      "name": "web",
      "provider": "provider[\"registry.terraform.io/hashicorp/aws\"]",
      "instances": [
        {
          "schema_version": 1,
          "attributes": {
            "ami": "ami-091f18e98bc129c4e",
            "arn": "arn:aws:ec2:eu-west-2:597088025647:instance/i-093dd99f57a5f4502",
            "associate_public_ip_address": true,
            "availability_zone": "eu-west-2a",
            "capacity_reservation_specification": [
              {
                "capacity_reservation_preference": "open",
                "capacity_reservation_target": []
              }
            ],
            "cpu_core_count": 1,
            "cpu_options": [
              {
                "amd_sev_snp": "",
                "core_count": 1,
                "threads_per_core": 1
              }
            ],
            "cpu_threads_per_core": 1,
            "credit_specification": [
              {
                "cpu_credits": "standard"
              }
            ],
            "disable_api_stop": false,
            "disable_api_termination": false,
            "ebs_block_device": [],
            "ebs_optimized": false,
            "enable_primary_ipv6": null,
            "enclave_options": [
              {
                "enabled": false
              }
            ],
            "ephemeral_block_device": [],
            "get_password_data": false,
            "hibernation": false,
            "host_id": "",
            "host_resource_group_arn": null,
            "iam_instance_profile": "",
            "id": "i-093dd99f57a5f4502",
            "instance_initiated_shutdown_behavior": "stop",
            "instance_lifecycle": "",
            "instance_market_options": [],
            "instance_state": "running",
            "instance_type": "t2.micro",
            "ipv6_address_count": 0,
            "ipv6_addresses": [],
            "key_name": "devops-key",
            "launch_template": [],
            "maintenance_options": [
              {
                "auto_recovery": "default"
              }
            ],
            "metadata_options": [
              {
                "http_endpoint": "enabled",
                "http_protocol_ipv6": "disabled",
                "http_put_response_hop_limit": 2,
                "http_tokens": "required",
                "instance_metadata_tags": "disabled"
              }
            ],
            "monitoring": false,
            "network_interface": [],
            "outpost_arn": "",
            "password_data": "",
            "placement_group": "",
            "placement_partition_number": 0,
            "primary_network_interface_id": "eni-0f824f0a0bf2ed7c5",
            "private_dns": "ip-10-0-1-150.eu-west-2.compute.internal",
            "private_dns_name_options": [
              {
                "enable_resource_name_dns_a_record": false,
                "enable_resource_name_dns_aaaa_record": false,
                "hostname_type": "ip-name"
              }
            ],
            "private_ip": "10.0.1.150",
            "public_dns": "ec2-18-171-161-5.eu-west-2.compute.amazonaws.com",
            "public_ip": "18.171.161.5",
            "root_block_device": [
              {
                "delete_on_termination": true,
                "device_name": "/dev/sda1",
                "encrypted": false,
                "iops": 3000,
                "kms_key_id": "",
                "tags": {},
                "tags_all": {},
                "throughput": 125,
                "volume_id": "vol-0ca38bd5fbaba48da",
                "volume_size": 8,
                "volume_type": "gp3"
              }
            ],
            "secondary_private_ips": [],
            "security_groups": [],
            "source_dest_check": true,
            "spot_instance_request_id": "",
            "subnet_id": "subnet-03b760ca13786243c",
            "tags": {
              "Name": "Terraform-EC2-Instance"
            },
            "tags_all": {
              "Name": "Terraform-EC2-Instance"
            },
            "tenancy": "default",
            "timeouts": null,
            "user_data": "d3a95e79f997af5aca501d9f4e8fbc62e1d0962f",
            "user_data_base64": null,
            "user_data_replace_on_change": false,
            "volume_tags": null,
            "vpc_security_group_ids": [
              "sg-0256f59906bd33c6f"
            ]
          },
          "sensitive_attributes": [],
          "private": "eyJlMmJmYjczMC1lY2FhLTExZTYtOGY4OC0zNDM2M2JjN2M0YzAiOnsiY3JlYXRlIjo2MDAwMDAwMDAwMDAsImRlbGV0ZSI6MTIwMDAwMDAwMDAwMCwicmVhZCI6OTAwMDAwMDAwMDAwLCJ1cGRhdGUiOjYwMDAwMDAwMDAwMH0sInNjaGVtYV92ZXJzaW9uIjoiMSJ9",
          "dependencies": [
            "aws_key_pair.devops_key",
            "aws_security_group.web_sg",
            "aws_subnet.devops_subnet_1",
            "aws_vpc.devops_playground",
            "tls_private_key.self_signed_key"
          ]
        }
      ]
    },
    {
      "mode": "managed",
      "type": "aws_internet_gateway",
      "name": "devops_igw",
      "provider": "provider[\"registry.terraform.io/hashicorp/aws\"]",
      "instances": [
        {
          "schema_version": 0,
          "attributes": {
            "arn": "arn:aws:ec2:eu-west-2:597088025647:internet-gateway/igw-0eec676c9759130c3",
            "id": "igw-0eec676c9759130c3",
            "owner_id": "597088025647",
            "tags": {
              "Name": "devops-igw"
            },
            "tags_all": {
              "Name": "devops-igw"
            },
            "timeouts": null,
            "vpc_id": "vpc-0c147e77329548271"
          },
          "sensitive_attributes": [],
          "private": "eyJlMmJmYjczMC1lY2FhLTExZTYtOGY4OC0zNDM2M2JjN2M0YzAiOnsiY3JlYXRlIjoxMjAwMDAwMDAwMDAwLCJkZWxldGUiOjEyMDAwMDAwMDAwMDAsInVwZGF0ZSI6MTIwMDAwMDAwMDAwMH19",
          "dependencies": [
            "aws_vpc.devops_playground"
          ]
        }
      ]
    },
    {
      "mode": "managed",
      "type": "aws_key_pair",
      "name": "devops_key",
      "provider": "provider[\"registry.terraform.io/hashicorp/aws\"]",
      "instances": [
        {
          "schema_version": 1,
          "attributes": {
            "arn": "arn:aws:ec2:eu-west-2:597088025647:key-pair/devops-key",
            "fingerprint": "42:df:d8:dd:7b:e6:10:14:83:19:7f:ce:88:bc:c9:a0",
            "id": "devops-key",
            "key_name": "devops-key",
            "key_name_prefix": "",
            "key_pair_id": "key-02a91b4a61f779d17",
            "key_type": "rsa",
            "public_key": "ssh-rsa AAAAB3NzaC1yc2EAAAADAQABAAABAQC+dgKvEwuJNyEQRHS/rEvhfh1RWqYzfUXPvZCo9KHC0NvhFqGMrLvW6wYfxf928ex/7zMTpkheKMMwSx+OjEMZyGr2rIuXKGibCBBilra8OJYvGKMIV4/a0ADvEpPQEd+Spdj7XgajFNbSHvVMVAQegJxMY5RGTFIKplTLuxckf2jgi77sp/8bbbyhHVDzwYmsYEhduTSRHP9/y34+/MvI7ysaXa2H25g81WtGZ3P6NbT2QPIexGazbGWVj8DpZejxbfAU1etg0fd9Ybcbhe1sUH5MutTwboMJ3pxsvNFM3Z27WFWNQXIm8LTPG0t+EdAjM7OnRC7v8tHj/qfVFyXx",
            "tags": null,
            "tags_all": {}
          },
          "sensitive_attributes": [],
          "private": "eyJzY2hlbWFfdmVyc2lvbiI6IjEifQ==",
          "dependencies": [
            "tls_private_key.self_signed_key"
          ]
        }
      ]
    },
    {
      "mode": "managed",
      "type": "aws_route_table",
      "name": "devops_route_table",
      "provider": "provider[\"registry.terraform.io/hashicorp/aws\"]",
      "instances": [
        {
          "schema_version": 0,
          "attributes": {
            "arn": "arn:aws:ec2:eu-west-2:597088025647:route-table/rtb-02c183021e3279973",
            "id": "rtb-02c183021e3279973",
            "owner_id": "597088025647",
            "propagating_vgws": [],
            "route": [
              {
                "carrier_gateway_id": "",
                "cidr_block": "0.0.0.0/0",
                "core_network_arn": "",
                "destination_prefix_list_id": "",
                "egress_only_gateway_id": "",
                "gateway_id": "igw-0eec676c9759130c3",
                "ipv6_cidr_block": "",
                "local_gateway_id": "",
                "nat_gateway_id": "",
                "network_interface_id": "",
                "transit_gateway_id": "",
                "vpc_endpoint_id": "",
                "vpc_peering_connection_id": ""
              }
            ],
            "tags": {
              "Name": "devops-route-table"
            },
            "tags_all": {
              "Name": "devops-route-table"
            },
            "timeouts": null,
            "vpc_id": "vpc-0c147e77329548271"
          },
          "sensitive_attributes": [],
          "private": "eyJlMmJmYjczMC1lY2FhLTExZTYtOGY4OC0zNDM2M2JjN2M0YzAiOnsiY3JlYXRlIjozMDAwMDAwMDAwMDAsImRlbGV0ZSI6MzAwMDAwMDAwMDAwLCJ1cGRhdGUiOjEyMDAwMDAwMDAwMH19",
          "dependencies": [
            "aws_internet_gateway.devops_igw",
            "aws_vpc.devops_playground"
          ]
        }
      ]
    },
    {
      "mode": "managed",
      "type": "aws_route_table_association",
      "name": "subnet_1_assoc",
      "provider": "provider[\"registry.terraform.io/hashicorp/aws\"]",
      "instances": [
        {
          "schema_version": 0,
          "attributes": {
            "gateway_id": "",
            "id": "rtbassoc-0a18cde425eac51bd",
            "route_table_id": "rtb-02c183021e3279973",
            "subnet_id": "subnet-03b760ca13786243c",
            "timeouts": null
          },
          "sensitive_attributes": [],
          "private": "eyJlMmJmYjczMC1lY2FhLTExZTYtOGY4OC0zNDM2M2JjN2M0YzAiOnsiY3JlYXRlIjozMDAwMDAwMDAwMDAsImRlbGV0ZSI6MzAwMDAwMDAwMDAwLCJ1cGRhdGUiOjEyMDAwMDAwMDAwMH19",
          "dependencies": [
            "aws_internet_gateway.devops_igw",
            "aws_route_table.devops_route_table",
            "aws_subnet.devops_subnet_1",
            "aws_vpc.devops_playground"
          ]
        }
      ]
    },
    {
      "mode": "managed",
      "type": "aws_route_table_association",
      "name": "subnet_2_assoc",
      "provider": "provider[\"registry.terraform.io/hashicorp/aws\"]",
      "instances": [
        {
          "schema_version": 0,
          "attributes": {
            "gateway_id": "",
            "id": "rtbassoc-09d9a3f4bdec22476",
            "route_table_id": "rtb-02c183021e3279973",
            "subnet_id": "subnet-022bd12c2c932c502",
            "timeouts": null
          },
          "sensitive_attributes": [],
          "private": "eyJlMmJmYjczMC1lY2FhLTExZTYtOGY4OC0zNDM2M2JjN2M0YzAiOnsiY3JlYXRlIjozMDAwMDAwMDAwMDAsImRlbGV0ZSI6MzAwMDAwMDAwMDAwLCJ1cGRhdGUiOjEyMDAwMDAwMDAwMH19",
          "dependencies": [
            "aws_internet_gateway.devops_igw",
            "aws_route_table.devops_route_table",
            "aws_subnet.devops_subnet_2",
            "aws_vpc.devops_playground"
          ]
        }
      ]
    },
    {
      "mode": "managed",
      "type": "aws_security_group",
      "name": "web_sg",
      "provider": "provider[\"registry.terraform.io/hashicorp/aws\"]",
      "instances": [
        {
          "schema_version": 1,
          "attributes": {
            "arn": "arn:aws:ec2:eu-west-2:597088025647:security-group/sg-0256f59906bd33c6f",
            "description": "Allow inbound SSH and HTTP",
            "egress": [
              {
                "cidr_blocks": [
                  "0.0.0.0/0"
                ],
                "description": "",
                "from_port": 0,
                "ipv6_cidr_blocks": [],
                "prefix_list_ids": [],
                "protocol": "-1",
                "security_groups": [],
                "self": false,
                "to_port": 0
              }
            ],
            "id": "sg-0256f59906bd33c6f",
            "ingress": [
              {
                "cidr_blocks": [
                  "0.0.0.0/0"
                ],
                "description": "",
                "from_port": 22,
                "ipv6_cidr_blocks": [],
                "prefix_list_ids": [],
                "protocol": "tcp",
                "security_groups": [],
                "self": false,
                "to_port": 22
              },
              {
                "cidr_blocks": [
                  "0.0.0.0/0"
                ],
                "description": "",
                "from_port": 80,
                "ipv6_cidr_blocks": [],
                "prefix_list_ids": [],
                "protocol": "tcp",
                "security_groups": [],
                "self": false,
                "to_port": 80
              }
            ],
            "name": "web-sg",
            "name_prefix": "",
            "owner_id": "597088025647",
            "revoke_rules_on_delete": false,
            "tags": null,
            "tags_all": {},
            "timeouts": null,
            "vpc_id": "vpc-0c147e77329548271"
          },
          "sensitive_attributes": [],
          "private": "eyJlMmJmYjczMC1lY2FhLTExZTYtOGY4OC0zNDM2M2JjN2M0YzAiOnsiY3JlYXRlIjo2MDAwMDAwMDAwMDAsImRlbGV0ZSI6OTAwMDAwMDAwMDAwfSwic2NoZW1hX3ZlcnNpb24iOiIxIn0=",
          "dependencies": [
            "aws_vpc.devops_playground"
          ]
        }
      ]
    },
    {
      "mode": "managed",
      "type": "aws_subnet",
      "name": "devops_subnet_1",
      "provider": "provider[\"registry.terraform.io/hashicorp/aws\"]",
      "instances": [
        {
          "schema_version": 1,
          "attributes": {
            "arn": "arn:aws:ec2:eu-west-2:597088025647:subnet/subnet-03b760ca13786243c",
            "assign_ipv6_address_on_creation": false,
            "availability_zone": "eu-west-2a",
            "availability_zone_id": "euw2-az2",
            "cidr_block": "10.0.1.0/24",
            "customer_owned_ipv4_pool": "",
            "enable_dns64": false,
            "enable_lni_at_device_index": 0,
            "enable_resource_name_dns_a_record_on_launch": false,
            "enable_resource_name_dns_aaaa_record_on_launch": false,
            "id": "subnet-03b760ca13786243c",
            "ipv6_cidr_block": "",
            "ipv6_cidr_block_association_id": "",
            "ipv6_native": false,
            "map_customer_owned_ip_on_launch": false,
            "map_public_ip_on_launch": true,
            "outpost_arn": "",
            "owner_id": "597088025647",
            "private_dns_hostname_type_on_launch": "ip-name",
            "tags": {
              "Name": "devops-subnet-1"
            },
            "tags_all": {
              "Name": "devops-subnet-1"
            },
            "timeouts": null,
            "vpc_id": "vpc-0c147e77329548271"
          },
          "sensitive_attributes": [],
          "private": "eyJlMmJmYjczMC1lY2FhLTExZTYtOGY4OC0zNDM2M2JjN2M0YzAiOnsiY3JlYXRlIjo2MDAwMDAwMDAwMDAsImRlbGV0ZSI6MTIwMDAwMDAwMDAwMH0sInNjaGVtYV92ZXJzaW9uIjoiMSJ9",
          "dependencies": [
            "aws_vpc.devops_playground"
          ]
        }
      ]
    },
    {
      "mode": "managed",
      "type": "aws_subnet",
      "name": "devops_subnet_2",
      "provider": "provider[\"registry.terraform.io/hashicorp/aws\"]",
      "instances": [
        {
          "schema_version": 1,
          "attributes": {
            "arn": "arn:aws:ec2:eu-west-2:597088025647:subnet/subnet-022bd12c2c932c502",
            "assign_ipv6_address_on_creation": false,
            "availability_zone": "eu-west-2b",
            "availability_zone_id": "euw2-az3",
            "cidr_block": "10.0.2.0/24",
            "customer_owned_ipv4_pool": "",
            "enable_dns64": false,
            "enable_lni_at_device_index": 0,
            "enable_resource_name_dns_a_record_on_launch": false,
            "enable_resource_name_dns_aaaa_record_on_launch": false,
            "id": "subnet-022bd12c2c932c502",
            "ipv6_cidr_block": "",
            "ipv6_cidr_block_association_id": "",
            "ipv6_native": false,
            "map_customer_owned_ip_on_launch": false,
            "map_public_ip_on_launch": true,
            "outpost_arn": "",
            "owner_id": "597088025647",
            "private_dns_hostname_type_on_launch": "ip-name",
            "tags": {
              "Name": "devops-subnet-2"
            },
            "tags_all": {
              "Name": "devops-subnet-2"
            },
            "timeouts": null,
            "vpc_id": "vpc-0c147e77329548271"
          },
          "sensitive_attributes": [],
          "private": "eyJlMmJmYjczMC1lY2FhLTExZTYtOGY4OC0zNDM2M2JjN2M0YzAiOnsiY3JlYXRlIjo2MDAwMDAwMDAwMDAsImRlbGV0ZSI6MTIwMDAwMDAwMDAwMH0sInNjaGVtYV92ZXJzaW9uIjoiMSJ9",
          "dependencies": [
            "aws_vpc.devops_playground"
          ]
        }
      ]
    },
    {
      "mode": "managed",
      "type": "aws_vpc",
      "name": "devops_playground",
      "provider": "provider[\"registry.terraform.io/hashicorp/aws\"]",
      "instances": [
        {
          "schema_version": 1,
          "attributes": {
            "arn": "arn:aws:ec2:eu-west-2:597088025647:vpc/vpc-0c147e77329548271",
            "assign_generated_ipv6_cidr_block": false,
            "cidr_block": "10.0.0.0/16",
            "default_network_acl_id": "acl-0b878c0d0d9d1057c",
            "default_route_table_id": "rtb-07e67ca485e648184",
            "default_security_group_id": "sg-0c31a97553722de72",
            "dhcp_options_id": "dopt-078d2d882f65c0302",
            "enable_dns_hostnames": true,
            "enable_dns_support": true,
            "enable_network_address_usage_metrics": false,
            "id": "vpc-0c147e77329548271",
            "instance_tenancy": "default",
            "ipv4_ipam_pool_id": null,
            "ipv4_netmask_length": null,
            "ipv6_association_id": "",
            "ipv6_cidr_block": "",
            "ipv6_cidr_block_network_border_group": "",
            "ipv6_ipam_pool_id": "",
            "ipv6_netmask_length": 0,
            "main_route_table_id": "rtb-07e67ca485e648184",
            "owner_id": "597088025647",
            "tags": {
              "Name": "devops-playground"
            },
            "tags_all": {
              "Name": "devops-playground"
            }
          },
          "sensitive_attributes": [],
          "private": "eyJzY2hlbWFfdmVyc2lvbiI6IjEifQ=="
        }
      ]
    },
    {
      "mode": "managed",
      "type": "tls_private_key",
      "name": "self_signed_key",
      "provider": "provider[\"registry.terraform.io/hashicorp/tls\"]",
      "instances": [
        {
          "schema_version": 1,
          "attributes": {
            "algorithm": "RSA",
            "ecdsa_curve": "P224",
            "id": "b2564b7266c4ba0dbb6617bb24dba8151f46a569",
            "private_key_openssh": "-----BEGIN OPENSSH PRIVATE KEY-----\nb3BlbnNzaC1rZXktdjEAAAAABG5vbmUAAAAEbm9uZQAAAAAAAAABAAABFwAAAAdz\nc2gtcnNhAAAAAwEAAQAAAQEAvnYCrxMLiTchEER0v6xL4X4dUVqmM31Fz72QqPSh\nwtDb4RahjKy71usGH8X/dvHsf+8zE6ZIXijDMEsfjoxDGchq9qyLlyhomwgQYpa2\nvDiWLxijCFeP2tAA7xKT0BHfkqXY+14GoxTW0h71TFQEHoCcTGOURkxSCqZUy7sX\nJH9o4Iu+7Kf/G228oR1Q88GJrGBIXbk0kRz/f8t+PvzLyO8rGl2th9uYPNVrRmdz\n+jW09kDyHsRms2xllY/A6WXo8W3wFNXrYNH3fWG3G4XtbFB+TLrU8G6DCd6cbLzR\nTN2du1hVjUFyJvC0zxtLfhHQIzOzp0Qu7/LR4/6n1Rcl8QAAA7gNuHeXDbh3lwAA\nAAdzc2gtcnNhAAABAQC+dgKvEwuJNyEQRHS/rEvhfh1RWqYzfUXPvZCo9KHC0Nvh\nFqGMrLvW6wYfxf928ex/7zMTpkheKMMwSx+OjEMZyGr2rIuXKGibCBBilra8OJYv\nGKMIV4/a0ADvEpPQEd+Spdj7XgajFNbSHvVMVAQegJxMY5RGTFIKplTLuxckf2jg\ni77sp/8bbbyhHVDzwYmsYEhduTSRHP9/y34+/MvI7ysaXa2H25g81WtGZ3P6NbT2\nQPIexGazbGWVj8DpZejxbfAU1etg0fd9Ybcbhe1sUH5MutTwboMJ3pxsvNFM3Z27\nWFWNQXIm8LTPG0t+EdAjM7OnRC7v8tHj/qfVFyXxAAAAAwEAAQAAAQEAjju2+WOx\no8El0e4tec6DxFvYLR8TKzSMY/1fAK3f94reCZRLBLEiffd51VSZ2QwF3+yUKkJt\nnNO4IGKZqGya17BSIPDuNe4ZYF1/TwDaammfzoAJkHtDlNbtO5yWAja2zd9I0T+A\nmV1AqB4yddPwV48YKfvbiTwJsKZSgOqw97FbXCl/IV5IPja4Mze1S4vwch1mca00\nBjioNVcXOypriUPSY/n+JSb48ntsBPiD7zaRjpmhGgNOEtAAL5a13Gl+jUSN4Zg+\nsKYtefQMk9QtFl4hkXrwQ69UcdeHdxtM3z3CPrHvUAWnyebkeZ4QWh0ZNWk5bamp\nptfstKB0QcMQIQAAAIBrhIgwFfYXn0/wv/aiaq1K0B1LUv9+2ZbaCH9hpdfzqxvr\nbmWqh/1Ny934HWxKJJ00Pn5XVLAie7pFUicsV75ehNKDSswrQquG7C85alE7qCwG\ngocvGl8WkpVyguwY6PCH2MXkWgLTH1hXAKYw2C2j2wqozTjnhZP1KKlerQi5GgAA\nAIEA8TGB5dLGRHeZvFpSUUnLqlBcHOLF34DPwYRhFgFpWyXBB0g3d3VIErQTjetj\nWPR/A+yi3fyDGrInLF/GUrqq1zEWhoLjFNfrH+FBAG9uf6j44gIsLsVXO5o9378a\nyqeI8kd9UAMwfUKANaykcCoj8DEzWSLaXjaar3Np5ytbpS0AAACBAMonNtCPYwiV\nwKfmNtI+nCU7CEyVuRXBKG/R7fdfHeyAaPdJtc2he6tQI3IVKag4guoLvtMDgcpu\nDsb+vrMuCH/SYatBmB2YGPjwaDF6ku5J28eacq/s7n/+l86AR2Y3zrRHkli1FrjI\nnn5GLTLOCX8PWowMEhGqXaZoL1s/20ZVAAAAAAEC\n-----END OPENSSH PRIVATE KEY-----\n",
            "private_key_pem": "-----BEGIN RSA PRIVATE KEY-----\nMIIEpAIBAAKCAQEAvnYCrxMLiTchEER0v6xL4X4dUVqmM31Fz72QqPShwtDb4Rah\njKy71usGH8X/dvHsf+8zE6ZIXijDMEsfjoxDGchq9qyLlyhomwgQYpa2vDiWLxij\nCFeP2tAA7xKT0BHfkqXY+14GoxTW0h71TFQEHoCcTGOURkxSCqZUy7sXJH9o4Iu+\n7Kf/G228oR1Q88GJrGBIXbk0kRz/f8t+PvzLyO8rGl2th9uYPNVrRmdz+jW09kDy\nHsRms2xllY/A6WXo8W3wFNXrYNH3fWG3G4XtbFB+TLrU8G6DCd6cbLzRTN2du1hV\njUFyJvC0zxtLfhHQIzOzp0Qu7/LR4/6n1Rcl8QIDAQABAoIBAQCOO7b5Y7GjwSXR\n7i15zoPEW9gtHxMrNIxj/V8Ard/3it4JlEsEsSJ993nVVJnZDAXf7JQqQm2c07gg\nYpmobJrXsFIg8O417hlgXX9PANpqaZ/OgAmQe0OU1u07nJYCNrbN30jRP4CZXUCo\nHjJ10/BXjxgp+9uJPAmwplKA6rD3sVtcKX8hXkg+NrgzN7VLi/ByHWZxrTQGOKg1\nVxc7KmuJQ9Jj+f4lJvjye2wE+IPvNpGOmaEaA04S0AAvlrXcaX6NRI3hmD6wpi15\n9AyT1C0WXiGRevBDr1Rx14d3G0zfPcI+se9QBafJ5uR5nhBaHRk1aTltqamm1+y0\noHRBwxAhAoGBAPExgeXSxkR3mbxaUlFJy6pQXBzixd+Az8GEYRYBaVslwQdIN3d1\nSBK0E43rY1j0fwPsot38gxqyJyxfxlK6qtcxFoaC4xTX6x/hQQBvbn+o+OICLC7F\nVzuaPd+/GsqniPJHfVADMH1CgDWspHAqI/AxM1ki2l42mq9zaecrW6UtAoGBAMon\nNtCPYwiVwKfmNtI+nCU7CEyVuRXBKG/R7fdfHeyAaPdJtc2he6tQI3IVKag4guoL\nvtMDgcpuDsb+vrMuCH/SYatBmB2YGPjwaDF6ku5J28eacq/s7n/+l86AR2Y3zrRH\nkli1FrjInn5GLTLOCX8PWowMEhGqXaZoL1s/20ZVAoGBAKVMi7zplk5INYmb0Ty6\nuaUwy+BUHs6NplT3F96P+xenqUIHYVQygcGnvpsODplhf0c+P2Sp8WQzYpuLzAzY\nt8shblGjlGOtkwvXQcg9llpRgLjMSmGHh8Bmdi9I9uCar0V0b1KNzQabs+iVOGFS\n0CyGW62kMEpPW/YQwCzZT0bFAoGASR3V3al/EGPZwuCpg3HR2EV5wvmEcDHlBkzP\n3WEx2ZC4ZnjqoO1/ZX8e0uyEnKuT7kNBSeFC2IzmG2OYZgaIXHMjkGWxN0MEBUYu\n6XaEHlvoelGKmccAnJrhHXeYW4hj4yDf9eXJyhwF93Y6ct3C4YoUHgNfpbQRG1cj\nicWW8eECgYBrhIgwFfYXn0/wv/aiaq1K0B1LUv9+2ZbaCH9hpdfzqxvrbmWqh/1N\ny934HWxKJJ00Pn5XVLAie7pFUicsV75ehNKDSswrQquG7C85alE7qCwGgocvGl8W\nkpVyguwY6PCH2MXkWgLTH1hXAKYw2C2j2wqozTjnhZP1KKlerQi5Gg==\n-----END RSA PRIVATE KEY-----\n",
            "private_key_pem_pkcs8": "-----BEGIN PRIVATE KEY-----\nMIIEvgIBADANBgkqhkiG9w0BAQEFAASCBKgwggSkAgEAAoIBAQC+dgKvEwuJNyEQ\nRHS/rEvhfh1RWqYzfUXPvZCo9KHC0NvhFqGMrLvW6wYfxf928ex/7zMTpkheKMMw\nSx+OjEMZyGr2rIuXKGibCBBilra8OJYvGKMIV4/a0ADvEpPQEd+Spdj7XgajFNbS\nHvVMVAQegJxMY5RGTFIKplTLuxckf2jgi77sp/8bbbyhHVDzwYmsYEhduTSRHP9/\ny34+/MvI7ysaXa2H25g81WtGZ3P6NbT2QPIexGazbGWVj8DpZejxbfAU1etg0fd9\nYbcbhe1sUH5MutTwboMJ3pxsvNFM3Z27WFWNQXIm8LTPG0t+EdAjM7OnRC7v8tHj\n/qfVFyXxAgMBAAECggEBAI47tvljsaPBJdHuLXnOg8Rb2C0fEys0jGP9XwCt3/eK\n3gmUSwSxIn33edVUmdkMBd/slCpCbZzTuCBimahsmtewUiDw7jXuGWBdf08A2mpp\nn86ACZB7Q5TW7TuclgI2ts3fSNE/gJldQKgeMnXT8FePGCn724k8CbCmUoDqsPex\nW1wpfyFeSD42uDM3tUuL8HIdZnGtNAY4qDVXFzsqa4lD0mP5/iUm+PJ7bAT4g+82\nkY6ZoRoDThLQAC+Wtdxpfo1EjeGYPrCmLXn0DJPULRZeIZF68EOvVHHXh3cbTN89\nwj6x71AFp8nm5HmeEFodGTVpOW2pqabX7LSgdEHDECECgYEA8TGB5dLGRHeZvFpS\nUUnLqlBcHOLF34DPwYRhFgFpWyXBB0g3d3VIErQTjetjWPR/A+yi3fyDGrInLF/G\nUrqq1zEWhoLjFNfrH+FBAG9uf6j44gIsLsVXO5o9378ayqeI8kd9UAMwfUKANayk\ncCoj8DEzWSLaXjaar3Np5ytbpS0CgYEAyic20I9jCJXAp+Y20j6cJTsITJW5FcEo\nb9Ht918d7IBo90m1zaF7q1AjchUpqDiC6gu+0wOBym4Oxv6+sy4If9Jhq0GYHZgY\n+PBoMXqS7knbx5pyr+zuf/6XzoBHZjfOtEeSWLUWuMiefkYtMs4Jfw9ajAwSEapd\npmgvWz/bRlUCgYEApUyLvOmWTkg1iZvRPLq5pTDL4FQezo2mVPcX3o/7F6epQgdh\nVDKBwae+mw4OmWF/Rz4/ZKnxZDNim4vMDNi3yyFuUaOUY62TC9dByD2WWlGAuMxK\nYYeHwGZ2L0j24JqvRXRvUo3NBpuz6JU4YVLQLIZbraQwSk9b9hDALNlPRsUCgYBJ\nHdXdqX8QY9nC4KmDcdHYRXnC+YRwMeUGTM/dYTHZkLhmeOqg7X9lfx7S7IScq5Pu\nQ0FJ4ULYjOYbY5hmBohccyOQZbE3QwQFRi7pdoQeW+h6UYqZxwCcmuEdd5hbiGPj\nIN/15cnKHAX3djpy3cLhihQeA1+ltBEbVyOJxZbx4QKBgGuEiDAV9hefT/C/9qJq\nrUrQHUtS/37ZltoIf2Gl1/OrG+tuZaqH/U3L3fgdbEoknTQ+fldUsCJ7ukVSJyxX\nvl6E0oNKzCtCq4bsLzlqUTuoLAaChy8aXxaSlXKC7Bjo8IfYxeRaAtMfWFcApjDY\nLaPbCqjNOOeFk/UoqV6tCLka\n-----END PRIVATE KEY-----\n",
            "public_key_fingerprint_md5": "38:a9:04:79:b4:a8:16:3c:e4:0f:56:df:1a:cb:9d:56",
            "public_key_fingerprint_sha256": "SHA256:lR6qBhaRbcexuNHP54HfTxjUZT40C0Hda8y3cx7QAEY",
            "public_key_openssh": "ssh-rsa AAAAB3NzaC1yc2EAAAADAQABAAABAQC+dgKvEwuJNyEQRHS/rEvhfh1RWqYzfUXPvZCo9KHC0NvhFqGMrLvW6wYfxf928ex/7zMTpkheKMMwSx+OjEMZyGr2rIuXKGibCBBilra8OJYvGKMIV4/a0ADvEpPQEd+Spdj7XgajFNbSHvVMVAQegJxMY5RGTFIKplTLuxckf2jgi77sp/8bbbyhHVDzwYmsYEhduTSRHP9/y34+/MvI7ysaXa2H25g81WtGZ3P6NbT2QPIexGazbGWVj8DpZejxbfAU1etg0fd9Ybcbhe1sUH5MutTwboMJ3pxsvNFM3Z27WFWNQXIm8LTPG0t+EdAjM7OnRC7v8tHj/qfVFyXx\n",
            "public_key_pem": "-----BEGIN PUBLIC KEY-----\nMIIBIjANBgkqhkiG9w0BAQEFAAOCAQ8AMIIBCgKCAQEAvnYCrxMLiTchEER0v6xL\n4X4dUVqmM31Fz72QqPShwtDb4RahjKy71usGH8X/dvHsf+8zE6ZIXijDMEsfjoxD\nGchq9qyLlyhomwgQYpa2vDiWLxijCFeP2tAA7xKT0BHfkqXY+14GoxTW0h71TFQE\nHoCcTGOURkxSCqZUy7sXJH9o4Iu+7Kf/G228oR1Q88GJrGBIXbk0kRz/f8t+PvzL\nyO8rGl2th9uYPNVrRmdz+jW09kDyHsRms2xllY/A6WXo8W3wFNXrYNH3fWG3G4Xt\nbFB+TLrU8G6DCd6cbLzRTN2du1hVjUFyJvC0zxtLfhHQIzOzp0Qu7/LR4/6n1Rcl\n8QIDAQAB\n-----END PUBLIC KEY-----\n",
            "rsa_bits": 2048
          },
          "sensitive_attributes": [
            [
              {
                "type": "get_attr",
                "value": "private_key_pem"
              }
            ],
            [
              {
                "type": "get_attr",
                "value": "private_key_pem_pkcs8"
              }
            ],
            [
              {
                "type": "get_attr",
                "value": "private_key_openssh"
              }
            ]
          ]
        }
      ]
    }
  ],
  "check_results": null
}
