{
  "version": 4,
  "terraform_version": "1.10.5",
  "serial": 12,
  "lineage": "de67016a-2c4a-5e1d-dbac-76afb8aab3ea",
  "outputs": {
    "private_key": {
      "value": "-----BEGIN RSA PRIVATE KEY-----\nMIIEowIBAAKCAQEArX58AqrDe6rdGTfZpQhbmWLpYcWKb5RHAl2vKUWnhYRbNfRd\nPjRreeuYhrcSZS67k66ogN3wE9qZbuRARWjGUIBzqaN8ZI2g8iAlaVcmV0tXkIho\ndaXvazlszdF9/jU7omRD/0Z7rKh3dOTl7qUAx8k6/VMH4bnguCSAll231cbFnGyU\n8IHn5ZFGgi8w9f+QP0raX7AwAvcEbfetYO8tj0dxuJlz6VyLnUW27AaCnqZIFilK\n8N2FaAx7JSCVKHErmHSUXQw5ezepnzkR4XS07XpInPjv9GKWxXftfTnQhzqw0LZ2\nWh0yW4n/bBLHVDmQZcjHXfXhgWDiXZUa4+HfMwIDAQABAoIBABlY/HdLSao8yXbQ\nwRyqfu+HEv/044fvyvwegePuyE3qi4Tzgdf/wqAaertb7fUYgdFO2FGTm2rbKkWY\nVYeOikLisYNcXmU2iAg4CB8+21wvpsh4FYLyzmsFBc+ARv8n+eF88q5ONu1/44wR\nkUJvmxCVZufyBJnHFXzx4FOXt68k0MlBPS1tjwQDlQrJlby4c4cqEHrlKFtIaBaS\nVZSrTKpF/Q5PczmBtk/wE9kb5Mi/JKnEcSmzOi27N1Ief1xPPdsTiAdiFvfSvPzC\n+7fsL7Hv2haVACQfbqT5xhHiv5U+hte8DHVKKeC6fsRsNhprV8LUaoiaRWvNtyJM\nST1ICqECgYEAzPFnvibm4C5S5cgrO4B2qxz7SoyLwFuas+uuqnBJSJ9nZFi8erV9\nfXqXpOTsCJ2RyMnR4rGWztYEmXzHlM7XnsR7AeiT2ubTJOoIyNRYhGLQGFQWY8JF\ndbYUZDZsRLeqIHDra9qnQ8QT62xuGXGkcdyq1jN31NGeFMRHUKu15zECgYEA2Lde\n0mKLUvaQ4nD0hJjZLXBx9EYr6mNnPV3HY843AoumbT4pc6EXO6ZmNYB3Y1dp2vPe\nRFYm7Uz8tE3L9GCWr1YJXtRX5va8kOmzEQOzlKpwi2PwkJqcUeV7W2f8zamYotC0\nEcLYo04dFiPDu5V9ZjzcPcPUinO7/K5cX6Ilm6MCgYBzNO11tlapBUFyjIDJFSEg\ndc1JjhJtktE3fTCV/UMlAP7VKRDjBi1CIW0ns8x/11wBfHpxLhWxthul0MA9Bb2u\nMZNYck7Tilh9ctZ3Vu9flFCYrIRdlfMIBdAWuYVJZ9nKHNAqtCK89HeiKzUFNp4T\np9GdUhd12lQ8Jk5UqgI6sQKBgQDCfc7bgRUIn7/nePf5CDPgU8nxMAi5kfxVVpRb\nPfagkjQKVn9dBnWTUwLngSOkRA78MWCIc8j7rtwb9LXV29lgAhbmxCsfXNBePV43\nJttD0LKwZkC/hgJEfW732ZtH96zEcgko53UFGlWASRiggMjJuFTwGY/lsXhEjTbZ\nnOujgQKBgAabkWDzZQtNKeGghhvTXWR5/eTDOFfaMvhqt0wMr3iz0/hFc4C0psHg\nL5N2QHXqT3rJFudtvwU+3CrVXSssGFg634XYqqKBm+zDinN6hMs7JS1Lsq65UFBH\nuIoFwOnPz5sLjN9LNu9wDim584Pd2L1pJM7LCDeBg7V/XIr6M0J7\n-----END RSA PRIVATE KEY-----\n",
      "type": "string",
      "sensitive": true
    }
  },
  "resources": [
    {
      "mode": "managed",
      "type": "aws_acm_certificate",
      "name": "web_cert",
      "provider": "provider[\"registry.terraform.io/hashicorp/aws\"]",
      "instances": [
        {
          "schema_version": 0,
          "attributes": {
            "arn": "arn:aws:acm:eu-west-2:597088025647:certificate/53d6862c-7b80-4490-b469-dfd08594ceed",
            "certificate_authority_arn": "",
            "certificate_body": null,
            "certificate_chain": null,
            "domain_name": "yourdomain.com",
            "domain_validation_options": [
              {
                "domain_name": "yourdomain.com",
                "resource_record_name": "_0c7d6ba9481908d462e2250ffa30c9bc.yourdomain.com.",
                "resource_record_type": "CNAME",
                "resource_record_value": "_8cad78a4298c109a6ccdb308302b7006.zfyfvmchrl.acm-validations.aws."
              }
            ],
            "early_renewal_duration": "",
            "id": "arn:aws:acm:eu-west-2:597088025647:certificate/53d6862c-7b80-4490-b469-dfd08594ceed",
            "key_algorithm": "RSA_2048",
            "not_after": "",
            "not_before": "",
            "options": [
              {
                "certificate_transparency_logging_preference": "ENABLED"
              }
            ],
            "pending_renewal": false,
            "private_key": null,
            "renewal_eligibility": "INELIGIBLE",
            "renewal_summary": [],
            "status": "PENDING_VALIDATION",
            "subject_alternative_names": [
              "yourdomain.com"
            ],
            "tags": null,
            "tags_all": {},
            "type": "AMAZON_ISSUED",
            "validation_emails": [],
            "validation_method": "DNS",
            "validation_option": []
          },
          "sensitive_attributes": [
            [
              {
                "type": "get_attr",
                "value": "private_key"
              }
            ]
          ],
          "private": "bnVsbA==",
          "create_before_destroy": true
        }
      ]
    },
    {
      "mode": "managed",
      "type": "aws_key_pair",
      "name": "devops_key",
      "provider": "provider[\"registry.terraform.io/hashicorp/aws\"]",
      "instances": [
        {
          "schema_version": 1,
          "attributes": {
            "arn": "arn:aws:ec2:eu-west-2:597088025647:key-pair/devops-key",
            "fingerprint": "af:dc:0c:c0:58:10:c7:b2:1f:1d:f1:5f:d4:c7:04:7b",
            "id": "devops-key",
            "key_name": "devops-key",
            "key_name_prefix": "",
            "key_pair_id": "key-0fd41720c96e90ce8",
            "key_type": "rsa",
            "public_key": "ssh-rsa AAAAB3NzaC1yc2EAAAADAQABAAABAQCtfnwCqsN7qt0ZN9mlCFuZYulhxYpvlEcCXa8pRaeFhFs19F0+NGt565iGtxJlLruTrqiA3fAT2plu5EBFaMZQgHOpo3xkjaDyICVpVyZXS1eQiGh1pe9rOWzN0X3+NTuiZEP/RnusqHd05OXupQDHyTr9UwfhueC4JICWXbfVxsWcbJTwgeflkUaCLzD1/5A/StpfsDAC9wRt961g7y2PR3G4mXPpXIudRbbsBoKepkgWKUrw3YVoDHslIJUocSuYdJRdDDl7N6mfORHhdLTtekic+O/0YpbFd+19OdCHOrDQtnZaHTJbif9sEsdUOZBlyMdd9eGBYOJdlRrj4d8z",
            "tags": null,
            "tags_all": {}
          },
          "sensitive_attributes": [],
          "private": "eyJzY2hlbWFfdmVyc2lvbiI6IjEifQ==",
          "dependencies": [
            "tls_private_key.devops_key"
          ]
        }
      ]
    },
    {
      "mode": "managed",
      "type": "aws_lb_target_group",
      "name": "web_tg",
      "provider": "provider[\"registry.terraform.io/hashicorp/aws\"]",
      "instances": [
        {
          "schema_version": 0,
          "attributes": {
            "arn": "arn:aws:elasticloadbalancing:eu-west-2:597088025647:targetgroup/web-target-group/044bbc3e1f958a0a",
            "arn_suffix": "targetgroup/web-target-group/044bbc3e1f958a0a",
            "connection_termination": null,
            "deregistration_delay": "300",
            "health_check": [
              {
                "enabled": true,
                "healthy_threshold": 5,
                "interval": 30,
                "matcher": "200",
                "path": "/",
                "port": "traffic-port",
                "protocol": "HTTP",
                "timeout": 5,
                "unhealthy_threshold": 2
              }
            ],
            "id": "arn:aws:elasticloadbalancing:eu-west-2:597088025647:targetgroup/web-target-group/044bbc3e1f958a0a",
            "ip_address_type": "ipv4",
            "lambda_multi_value_headers_enabled": false,
            "load_balancer_arns": [],
            "load_balancing_algorithm_type": "round_robin",
            "load_balancing_anomaly_mitigation": "off",
            "load_balancing_cross_zone_enabled": "use_load_balancer_configuration",
            "name": "web-target-group",
            "name_prefix": "",
            "port": 80,
            "preserve_client_ip": null,
            "protocol": "HTTP",
            "protocol_version": "HTTP1",
            "proxy_protocol_v2": false,
            "slow_start": 0,
            "stickiness": [
              {
                "cookie_duration": 86400,
                "cookie_name": "",
                "enabled": false,
                "type": "lb_cookie"
              }
            ],
            "tags": null,
            "tags_all": {},
            "target_failover": [
              {
                "on_deregistration": null,
                "on_unhealthy": null
              }
            ],
            "target_group_health": [
              {
                "dns_failover": [
                  {
                    "minimum_healthy_targets_count": "1",
                    "minimum_healthy_targets_percentage": "off"
                  }
                ],
                "unhealthy_state_routing": [
                  {
                    "minimum_healthy_targets_count": 1,
                    "minimum_healthy_targets_percentage": "off"
                  }
                ]
              }
            ],
            "target_health_state": [
              {
                "enable_unhealthy_connection_termination": null,
                "unhealthy_draining_interval": null
              }
            ],
            "target_type": "instance",
            "vpc_id": "vpc-097f846d463a32b8e"
          },
          "sensitive_attributes": [],
          "private": "bnVsbA==",
          "dependencies": [
            "aws_vpc.devops_playground"
          ]
        }
      ]
    },
    {
      "mode": "managed",
      "type": "aws_security_group",
      "name": "web_sg",
      "provider": "provider[\"registry.terraform.io/hashicorp/aws\"]",
      "instances": [
        {
          "schema_version": 1,
          "attributes": {
            "arn": "arn:aws:ec2:eu-west-2:597088025647:security-group/sg-0068997ba444dfad0",
            "description": "Allow inbound SSH, HTTP, and HTTPS",
            "egress": [
              {
                "cidr_blocks": [
                  "0.0.0.0/0"
                ],
                "description": "",
                "from_port": 0,
                "ipv6_cidr_blocks": [],
                "prefix_list_ids": [],
                "protocol": "-1",
                "security_groups": [],
                "self": false,
                "to_port": 0
              }
            ],
            "id": "sg-0068997ba444dfad0",
            "ingress": [
              {
                "cidr_blocks": [
                  "0.0.0.0/0"
                ],
                "description": "",
                "from_port": 22,
                "ipv6_cidr_blocks": [],
                "prefix_list_ids": [],
                "protocol": "tcp",
                "security_groups": [],
                "self": false,
                "to_port": 22
              },
              {
                "cidr_blocks": [
                  "0.0.0.0/0"
                ],
                "description": "",
                "from_port": 443,
                "ipv6_cidr_blocks": [],
                "prefix_list_ids": [],
                "protocol": "tcp",
                "security_groups": [],
                "self": false,
                "to_port": 443
              },
              {
                "cidr_blocks": [
                  "0.0.0.0/0"
                ],
                "description": "",
                "from_port": 80,
                "ipv6_cidr_blocks": [],
                "prefix_list_ids": [],
                "protocol": "tcp",
                "security_groups": [],
                "self": false,
                "to_port": 80
              }
            ],
            "name": "web-sg",
            "name_prefix": "",
            "owner_id": "597088025647",
            "revoke_rules_on_delete": false,
            "tags": null,
            "tags_all": {},
            "timeouts": null,
            "vpc_id": "vpc-09fba0f7077ed3127"
          },
          "sensitive_attributes": [],
          "private": "eyJlMmJmYjczMC1lY2FhLTExZTYtOGY4OC0zNDM2M2JjN2M0YzAiOnsiY3JlYXRlIjo2MDAwMDAwMDAwMDAsImRlbGV0ZSI6OTAwMDAwMDAwMDAwfSwic2NoZW1hX3ZlcnNpb24iOiIxIn0="
        }
      ]
    },
    {
      "mode": "managed",
      "type": "aws_subnet",
      "name": "devops_subnet_1",
      "provider": "provider[\"registry.terraform.io/hashicorp/aws\"]",
      "instances": [
        {
          "schema_version": 1,
          "attributes": {
            "arn": "arn:aws:ec2:eu-west-2:597088025647:subnet/subnet-02ebe22769f3d63b6",
            "assign_ipv6_address_on_creation": false,
            "availability_zone": "eu-west-2a",
            "availability_zone_id": "euw2-az2",
            "cidr_block": "10.0.1.0/24",
            "customer_owned_ipv4_pool": "",
            "enable_dns64": false,
            "enable_lni_at_device_index": 0,
            "enable_resource_name_dns_a_record_on_launch": false,
            "enable_resource_name_dns_aaaa_record_on_launch": false,
            "id": "subnet-02ebe22769f3d63b6",
            "ipv6_cidr_block": "",
            "ipv6_cidr_block_association_id": "",
            "ipv6_native": false,
            "map_customer_owned_ip_on_launch": false,
            "map_public_ip_on_launch": false,
            "outpost_arn": "",
            "owner_id": "597088025647",
            "private_dns_hostname_type_on_launch": "ip-name",
            "tags": {
              "Name": "devops-subnet-1"
            },
            "tags_all": {
              "Name": "devops-subnet-1"
            },
            "timeouts": null,
            "vpc_id": "vpc-097f846d463a32b8e"
          },
          "sensitive_attributes": [],
          "private": "eyJlMmJmYjczMC1lY2FhLTExZTYtOGY4OC0zNDM2M2JjN2M0YzAiOnsiY3JlYXRlIjo2MDAwMDAwMDAwMDAsImRlbGV0ZSI6MTIwMDAwMDAwMDAwMH0sInNjaGVtYV92ZXJzaW9uIjoiMSJ9",
          "dependencies": [
            "aws_vpc.devops_playground"
          ]
        }
      ]
    },
    {
      "mode": "managed",
      "type": "aws_subnet",
      "name": "devops_subnet_2",
      "provider": "provider[\"registry.terraform.io/hashicorp/aws\"]",
      "instances": [
        {
          "schema_version": 1,
          "attributes": {
            "arn": "arn:aws:ec2:eu-west-2:597088025647:subnet/subnet-0bc21457ce9d6d645",
            "assign_ipv6_address_on_creation": false,
            "availability_zone": "eu-west-2b",
            "availability_zone_id": "euw2-az3",
            "cidr_block": "10.0.2.0/24",
            "customer_owned_ipv4_pool": "",
            "enable_dns64": false,
            "enable_lni_at_device_index": 0,
            "enable_resource_name_dns_a_record_on_launch": false,
            "enable_resource_name_dns_aaaa_record_on_launch": false,
            "id": "subnet-0bc21457ce9d6d645",
            "ipv6_cidr_block": "",
            "ipv6_cidr_block_association_id": "",
            "ipv6_native": false,
            "map_customer_owned_ip_on_launch": false,
            "map_public_ip_on_launch": false,
            "outpost_arn": "",
            "owner_id": "597088025647",
            "private_dns_hostname_type_on_launch": "ip-name",
            "tags": {
              "Name": "devops-subnet-2"
            },
            "tags_all": {
              "Name": "devops-subnet-2"
            },
            "timeouts": null,
            "vpc_id": "vpc-097f846d463a32b8e"
          },
          "sensitive_attributes": [],
          "private": "eyJlMmJmYjczMC1lY2FhLTExZTYtOGY4OC0zNDM2M2JjN2M0YzAiOnsiY3JlYXRlIjo2MDAwMDAwMDAwMDAsImRlbGV0ZSI6MTIwMDAwMDAwMDAwMH0sInNjaGVtYV92ZXJzaW9uIjoiMSJ9",
          "dependencies": [
            "aws_vpc.devops_playground"
          ]
        }
      ]
    },
    {
      "mode": "managed",
      "type": "aws_vpc",
      "name": "devops_playground",
      "provider": "provider[\"registry.terraform.io/hashicorp/aws\"]",
      "instances": [
        {
          "schema_version": 1,
          "attributes": {
            "arn": "arn:aws:ec2:eu-west-2:597088025647:vpc/vpc-097f846d463a32b8e",
            "assign_generated_ipv6_cidr_block": false,
            "cidr_block": "10.0.0.0/16",
            "default_network_acl_id": "acl-01d5d2f2b3cd8d897",
            "default_route_table_id": "rtb-02dda7240454ae9eb",
            "default_security_group_id": "sg-03b591a16e256c8c2",
            "dhcp_options_id": "dopt-078d2d882f65c0302",
            "enable_dns_hostnames": true,
            "enable_dns_support": true,
            "enable_network_address_usage_metrics": false,
            "id": "vpc-097f846d463a32b8e",
            "instance_tenancy": "default",
            "ipv4_ipam_pool_id": null,
            "ipv4_netmask_length": null,
            "ipv6_association_id": "",
            "ipv6_cidr_block": "",
            "ipv6_cidr_block_network_border_group": "",
            "ipv6_ipam_pool_id": "",
            "ipv6_netmask_length": 0,
            "main_route_table_id": "rtb-02dda7240454ae9eb",
            "owner_id": "597088025647",
            "tags": {
              "Name": "devops-playground"
            },
            "tags_all": {
              "Name": "devops-playground"
            }
          },
          "sensitive_attributes": [],
          "private": "eyJzY2hlbWFfdmVyc2lvbiI6IjEifQ=="
        }
      ]
    },
    {
      "mode": "managed",
      "type": "tls_private_key",
      "name": "devops_key",
      "provider": "provider[\"registry.terraform.io/hashicorp/tls\"]",
      "instances": [
        {
          "schema_version": 1,
          "attributes": {
            "algorithm": "RSA",
            "ecdsa_curve": "P224",
            "id": "e641ca7921aa7003c227dc2c0836e188f98db2eb",
            "private_key_openssh": "-----BEGIN OPENSSH PRIVATE KEY-----\nb3BlbnNzaC1rZXktdjEAAAAABG5vbmUAAAAEbm9uZQAAAAAAAAABAAABFwAAAAdz\nc2gtcnNhAAAAAwEAAQAAAQEArX58AqrDe6rdGTfZpQhbmWLpYcWKb5RHAl2vKUWn\nhYRbNfRdPjRreeuYhrcSZS67k66ogN3wE9qZbuRARWjGUIBzqaN8ZI2g8iAlaVcm\nV0tXkIhodaXvazlszdF9/jU7omRD/0Z7rKh3dOTl7qUAx8k6/VMH4bnguCSAll23\n1cbFnGyU8IHn5ZFGgi8w9f+QP0raX7AwAvcEbfetYO8tj0dxuJlz6VyLnUW27AaC\nnqZIFilK8N2FaAx7JSCVKHErmHSUXQw5ezepnzkR4XS07XpInPjv9GKWxXftfTnQ\nhzqw0LZ2Wh0yW4n/bBLHVDmQZcjHXfXhgWDiXZUa4+HfMwAAA7gmtlU1JrZVNQAA\nAAdzc2gtcnNhAAABAQCtfnwCqsN7qt0ZN9mlCFuZYulhxYpvlEcCXa8pRaeFhFs1\n9F0+NGt565iGtxJlLruTrqiA3fAT2plu5EBFaMZQgHOpo3xkjaDyICVpVyZXS1eQ\niGh1pe9rOWzN0X3+NTuiZEP/RnusqHd05OXupQDHyTr9UwfhueC4JICWXbfVxsWc\nbJTwgeflkUaCLzD1/5A/StpfsDAC9wRt961g7y2PR3G4mXPpXIudRbbsBoKepkgW\nKUrw3YVoDHslIJUocSuYdJRdDDl7N6mfORHhdLTtekic+O/0YpbFd+19OdCHOrDQ\ntnZaHTJbif9sEsdUOZBlyMdd9eGBYOJdlRrj4d8zAAAAAwEAAQAAAQAZWPx3S0mq\nPMl20MEcqn7vhxL/9OOH78r8HoHj7shN6ouE84HX/8KgGnq7W+31GIHRTthRk5tq\n2ypFmFWHjopC4rGDXF5lNogIOAgfPttcL6bIeBWC8s5rBQXPgEb/J/nhfPKuTjbt\nf+OMEZFCb5sQlWbn8gSZxxV88eBTl7evJNDJQT0tbY8EA5UKyZW8uHOHKhB65Shb\nSGgWklWUq0yqRf0OT3M5gbZP8BPZG+TIvySpxHEpszotuzdSHn9cTz3bE4gHYhb3\n0rz8wvu37C+x79oWlQAkH26k+cYR4r+VPobXvAx1Singun7EbDYaa1fC1GqImkVr\nzbciTEk9SAqhAAAAgAabkWDzZQtNKeGghhvTXWR5/eTDOFfaMvhqt0wMr3iz0/hF\nc4C0psHgL5N2QHXqT3rJFudtvwU+3CrVXSssGFg634XYqqKBm+zDinN6hMs7JS1L\nsq65UFBHuIoFwOnPz5sLjN9LNu9wDim584Pd2L1pJM7LCDeBg7V/XIr6M0J7AAAA\ngQDM8We+JubgLlLlyCs7gHarHPtKjIvAW5qz666qcElIn2dkWLx6tX19epek5OwI\nnZHIydHisZbO1gSZfMeUzteexHsB6JPa5tMk6gjI1FiEYtAYVBZjwkV1thRkNmxE\nt6ogcOtr2qdDxBPrbG4ZcaRx3KrWM3fU0Z4UxEdQq7XnMQAAAIEA2Lde0mKLUvaQ\n4nD0hJjZLXBx9EYr6mNnPV3HY843AoumbT4pc6EXO6ZmNYB3Y1dp2vPeRFYm7Uz8\ntE3L9GCWr1YJXtRX5va8kOmzEQOzlKpwi2PwkJqcUeV7W2f8zamYotC0EcLYo04d\nFiPDu5V9ZjzcPcPUinO7/K5cX6Ilm6MAAAAAAQID\n-----END OPENSSH PRIVATE KEY-----\n",
            "private_key_pem": "-----BEGIN RSA PRIVATE KEY-----\nMIIEowIBAAKCAQEArX58AqrDe6rdGTfZpQhbmWLpYcWKb5RHAl2vKUWnhYRbNfRd\nPjRreeuYhrcSZS67k66ogN3wE9qZbuRARWjGUIBzqaN8ZI2g8iAlaVcmV0tXkIho\ndaXvazlszdF9/jU7omRD/0Z7rKh3dOTl7qUAx8k6/VMH4bnguCSAll231cbFnGyU\n8IHn5ZFGgi8w9f+QP0raX7AwAvcEbfetYO8tj0dxuJlz6VyLnUW27AaCnqZIFilK\n8N2FaAx7JSCVKHErmHSUXQw5ezepnzkR4XS07XpInPjv9GKWxXftfTnQhzqw0LZ2\nWh0yW4n/bBLHVDmQZcjHXfXhgWDiXZUa4+HfMwIDAQABAoIBABlY/HdLSao8yXbQ\nwRyqfu+HEv/044fvyvwegePuyE3qi4Tzgdf/wqAaertb7fUYgdFO2FGTm2rbKkWY\nVYeOikLisYNcXmU2iAg4CB8+21wvpsh4FYLyzmsFBc+ARv8n+eF88q5ONu1/44wR\nkUJvmxCVZufyBJnHFXzx4FOXt68k0MlBPS1tjwQDlQrJlby4c4cqEHrlKFtIaBaS\nVZSrTKpF/Q5PczmBtk/wE9kb5Mi/JKnEcSmzOi27N1Ief1xPPdsTiAdiFvfSvPzC\n+7fsL7Hv2haVACQfbqT5xhHiv5U+hte8DHVKKeC6fsRsNhprV8LUaoiaRWvNtyJM\nST1ICqECgYEAzPFnvibm4C5S5cgrO4B2qxz7SoyLwFuas+uuqnBJSJ9nZFi8erV9\nfXqXpOTsCJ2RyMnR4rGWztYEmXzHlM7XnsR7AeiT2ubTJOoIyNRYhGLQGFQWY8JF\ndbYUZDZsRLeqIHDra9qnQ8QT62xuGXGkcdyq1jN31NGeFMRHUKu15zECgYEA2Lde\n0mKLUvaQ4nD0hJjZLXBx9EYr6mNnPV3HY843AoumbT4pc6EXO6ZmNYB3Y1dp2vPe\nRFYm7Uz8tE3L9GCWr1YJXtRX5va8kOmzEQOzlKpwi2PwkJqcUeV7W2f8zamYotC0\nEcLYo04dFiPDu5V9ZjzcPcPUinO7/K5cX6Ilm6MCgYBzNO11tlapBUFyjIDJFSEg\ndc1JjhJtktE3fTCV/UMlAP7VKRDjBi1CIW0ns8x/11wBfHpxLhWxthul0MA9Bb2u\nMZNYck7Tilh9ctZ3Vu9flFCYrIRdlfMIBdAWuYVJZ9nKHNAqtCK89HeiKzUFNp4T\np9GdUhd12lQ8Jk5UqgI6sQKBgQDCfc7bgRUIn7/nePf5CDPgU8nxMAi5kfxVVpRb\nPfagkjQKVn9dBnWTUwLngSOkRA78MWCIc8j7rtwb9LXV29lgAhbmxCsfXNBePV43\nJttD0LKwZkC/hgJEfW732ZtH96zEcgko53UFGlWASRiggMjJuFTwGY/lsXhEjTbZ\nnOujgQKBgAabkWDzZQtNKeGghhvTXWR5/eTDOFfaMvhqt0wMr3iz0/hFc4C0psHg\nL5N2QHXqT3rJFudtvwU+3CrVXSssGFg634XYqqKBm+zDinN6hMs7JS1Lsq65UFBH\nuIoFwOnPz5sLjN9LNu9wDim584Pd2L1pJM7LCDeBg7V/XIr6M0J7\n-----END RSA PRIVATE KEY-----\n",
            "private_key_pem_pkcs8": "-----BEGIN PRIVATE KEY-----\nMIIEvQIBADANBgkqhkiG9w0BAQEFAASCBKcwggSjAgEAAoIBAQCtfnwCqsN7qt0Z\nN9mlCFuZYulhxYpvlEcCXa8pRaeFhFs19F0+NGt565iGtxJlLruTrqiA3fAT2plu\n5EBFaMZQgHOpo3xkjaDyICVpVyZXS1eQiGh1pe9rOWzN0X3+NTuiZEP/RnusqHd0\n5OXupQDHyTr9UwfhueC4JICWXbfVxsWcbJTwgeflkUaCLzD1/5A/StpfsDAC9wRt\n961g7y2PR3G4mXPpXIudRbbsBoKepkgWKUrw3YVoDHslIJUocSuYdJRdDDl7N6mf\nORHhdLTtekic+O/0YpbFd+19OdCHOrDQtnZaHTJbif9sEsdUOZBlyMdd9eGBYOJd\nlRrj4d8zAgMBAAECggEAGVj8d0tJqjzJdtDBHKp+74cS//Tjh+/K/B6B4+7ITeqL\nhPOB1//CoBp6u1vt9RiB0U7YUZObatsqRZhVh46KQuKxg1xeZTaICDgIHz7bXC+m\nyHgVgvLOawUFz4BG/yf54Xzyrk427X/jjBGRQm+bEJVm5/IEmccVfPHgU5e3ryTQ\nyUE9LW2PBAOVCsmVvLhzhyoQeuUoW0hoFpJVlKtMqkX9Dk9zOYG2T/AT2RvkyL8k\nqcRxKbM6Lbs3Uh5/XE892xOIB2IW99K8/ML7t+wvse/aFpUAJB9upPnGEeK/lT6G\n17wMdUop4Lp+xGw2GmtXwtRqiJpFa823IkxJPUgKoQKBgQDM8We+JubgLlLlyCs7\ngHarHPtKjIvAW5qz666qcElIn2dkWLx6tX19epek5OwInZHIydHisZbO1gSZfMeU\nzteexHsB6JPa5tMk6gjI1FiEYtAYVBZjwkV1thRkNmxEt6ogcOtr2qdDxBPrbG4Z\ncaRx3KrWM3fU0Z4UxEdQq7XnMQKBgQDYt17SYotS9pDicPSEmNktcHH0RivqY2c9\nXcdjzjcCi6ZtPilzoRc7pmY1gHdjV2na895EVibtTPy0Tcv0YJavVgle1Ffm9ryQ\n6bMRA7OUqnCLY/CQmpxR5XtbZ/zNqZii0LQRwtijTh0WI8O7lX1mPNw9w9SKc7v8\nrlxfoiWbowKBgHM07XW2VqkFQXKMgMkVISB1zUmOEm2S0Td9MJX9QyUA/tUpEOMG\nLUIhbSezzH/XXAF8enEuFbG2G6XQwD0Fva4xk1hyTtOKWH1y1ndW71+UUJishF2V\n8wgF0Ba5hUln2coc0Cq0Irz0d6IrNQU2nhOn0Z1SF3XaVDwmTlSqAjqxAoGBAMJ9\nztuBFQifv+d49/kIM+BTyfEwCLmR/FVWlFs99qCSNApWf10GdZNTAueBI6REDvwx\nYIhzyPuu3Bv0tdXb2WACFubEKx9c0F49Xjcm20PQsrBmQL+GAkR9bvfZm0f3rMRy\nCSjndQUaVYBJGKCAyMm4VPAZj+WxeESNNtmc66OBAoGABpuRYPNlC00p4aCGG9Nd\nZHn95MM4V9oy+Gq3TAyveLPT+EVzgLSmweAvk3ZAdepPeskW522/BT7cKtVdKywY\nWDrfhdiqooGb7MOKc3qEyzslLUuyrrlQUEe4igXA6c/PmwuM30s273AOKbnzg93Y\nvWkkzssIN4GDtX9civozQns=\n-----END PRIVATE KEY-----\n",
            "public_key_fingerprint_md5": "95:78:4e:8c:ab:d8:52:84:03:17:4f:06:d2:0b:59:92",
            "public_key_fingerprint_sha256": "SHA256:FeadXexnWs0lTPg4oZyUpTsHgIafpcojgX4GXxqBa9I",
            "public_key_openssh": "ssh-rsa AAAAB3NzaC1yc2EAAAADAQABAAABAQCtfnwCqsN7qt0ZN9mlCFuZYulhxYpvlEcCXa8pRaeFhFs19F0+NGt565iGtxJlLruTrqiA3fAT2plu5EBFaMZQgHOpo3xkjaDyICVpVyZXS1eQiGh1pe9rOWzN0X3+NTuiZEP/RnusqHd05OXupQDHyTr9UwfhueC4JICWXbfVxsWcbJTwgeflkUaCLzD1/5A/StpfsDAC9wRt961g7y2PR3G4mXPpXIudRbbsBoKepkgWKUrw3YVoDHslIJUocSuYdJRdDDl7N6mfORHhdLTtekic+O/0YpbFd+19OdCHOrDQtnZaHTJbif9sEsdUOZBlyMdd9eGBYOJdlRrj4d8z\n",
            "public_key_pem": "-----BEGIN PUBLIC KEY-----\nMIIBIjANBgkqhkiG9w0BAQEFAAOCAQ8AMIIBCgKCAQEArX58AqrDe6rdGTfZpQhb\nmWLpYcWKb5RHAl2vKUWnhYRbNfRdPjRreeuYhrcSZS67k66ogN3wE9qZbuRARWjG\nUIBzqaN8ZI2g8iAlaVcmV0tXkIhodaXvazlszdF9/jU7omRD/0Z7rKh3dOTl7qUA\nx8k6/VMH4bnguCSAll231cbFnGyU8IHn5ZFGgi8w9f+QP0raX7AwAvcEbfetYO8t\nj0dxuJlz6VyLnUW27AaCnqZIFilK8N2FaAx7JSCVKHErmHSUXQw5ezepnzkR4XS0\n7XpInPjv9GKWxXftfTnQhzqw0LZ2Wh0yW4n/bBLHVDmQZcjHXfXhgWDiXZUa4+Hf\nMwIDAQAB\n-----END PUBLIC KEY-----\n",
            "rsa_bits": 2048
          },
          "sensitive_attributes": [
            [
              {
                "type": "get_attr",
                "value": "private_key_pem"
              }
            ],
            [
              {
                "type": "get_attr",
                "value": "private_key_openssh"
              }
            ],
            [
              {
                "type": "get_attr",
                "value": "private_key_pem_pkcs8"
              }
            ]
          ]
        }
      ]
    }
  ],
  "check_results": null
}
