{
  "version": 4,
  "terraform_version": "1.10.5",
  "serial": 133,
  "lineage": "de67016a-2c4a-5e1d-dbac-76afb8aab3ea",
  "outputs": {
    "private_key": {
      "value": "-----BEGIN RSA PRIVATE KEY-----\nMIIEowIBAAKCAQEAzXXjQRjEvek7TfHpaYB0bYpTNC1b3TnNyBockgRvP3CyUq2c\n3smgwc3rRYiEudO0JxcuAmH1PaDdG0ZgrHtP3jgC2FuxORTNK+F6NkmuVdfmy5+n\nOg4yM0G8WrWsyLno8QHXB640nVrU0GzwdCVX2XPch6ht4RCWGXM6OLgkCnbghrNP\nLKl6H0j+EweuAOl0N64eyFsfGzl1pGQNI3djk3y9e4yU1NE43EN6m0nG4Bkd/OGE\nk6u4xOYlhipf598mVm2kWTtsH2fz4VZp6eIPdmoWSddfxRK7eg21QBtokM415zrp\no1GXS8KRtGPUakER8xv4Q2WQV5Mbh7RIHp8/tQIDAQABAoIBAAjlr/+jqPFoZi8L\n6MWu0Fvl/5Bk3nOIC0c9CjuwgXjH0pEN/5sONC3wUt3h+Y1qg4Sl1lI4F7yheLGz\nrIALnvvKhSUFY3lLU08xJm+vZSNGhDIRKdazwqzBjfyHnYHbuyCkqcElZBXkVw7n\niMoey90YzVX6jzeN1lIn0T+ficACLfj62D3T6s2T6gf/ZELSrrNyh41VIIrp1mYP\nyNXhpCxqA3eStdLjMaWCLvJ1Ldm2Cf4wQTfg6JRjsLac/16PGLfeibc7tOEAhFPr\n8kdAnqU4ogNhulkZ8/MqLM/xdSTGCIMAmlIKRyA5latIhFSCb4Ktw9HxpHstU9NB\nzIBlK8ECgYEA77bUp0e5R1gfRKA8rmOLXojxk7jKgK1aWQz2dzEe/DYB8jkMbXAH\ns0CH6k6Kgh7zgKbYMrjy3jRYyiFWnAU8rPN9V74/MmUD9kyQTm5dczyFjRb08yRX\nmlGMr+CGkOcJHcojilkIJxtwAk4cdDx9n7P4VSfCZTsLtp0at6sG75kCgYEA22tO\n8LgAjwMspW5VtaC1zmjOrKEX78o03i3fV7xcL/mEL5q0WK57iYOSwAze/iJlr7ed\nfSP043fP1A9W7IRrVZQTsmBnjv9ceU1OqKJnwQs7YbAcilILrWpXh2/5aZfNo0u3\ndLNpQ/F55hkMDlxrld322cxOVoQZy7JYo46vkn0CgYAnjAYxQsfyWTtvWvAn5QxN\nIFKaiFYAPJk3L8hJibUO7uoLSBYgx+a9T9wcb7CyHuEVTHFGjPSkbAZp8m4Td1m3\nPsRjAWPzsG6i56a3CcYpCMcPq8Xlhw1czC9lpKkOps7+Nyb94ApUSVaFStWu53vi\nKRLDGbgcc01PZ0PNIU4XoQKBgGhZ4HEbESjymYkTsC9w/wXrUl9HPdsMj5gauN1A\n95bZU8RQDvUeBiKgMGqltGeodDPdX0jkkNKdaHmx0eUqFOHeSn/K2XVofNIzsfUB\nR9bHQLZ0yx39ZxBSQs5msndFesbue5FEwgtODGsh/lnWGlRr+7oZMCh1Ks91QjKG\n6XkBAoGBANIsIBfZcQ/Cc885yGZpJ0sFFU6/+QXGSKaj5Cvq0jtSHAoVRg881nVo\nBKeChda26SixGgm2D5JXhf5NS9pYLxY3oIL6srO+kjiIOzZeM/qD7lboAAUVmvxB\nvLI6LIcO17G24F26/5rPnK8kzzMPq+EkEUcUUYXiYDSvm5TwpNBQ\n-----END RSA PRIVATE KEY-----\n",
      "type": "string",
      "sensitive": true
    }
  },
  "resources": [
    {
      "mode": "managed",
      "type": "aws_acm_certificate",
      "name": "alb_cert",
      "provider": "provider[\"registry.terraform.io/hashicorp/aws\"]",
      "instances": [
        {
          "schema_version": 0,
          "attributes": {
            "arn": "arn:aws:acm:eu-west-2:597088025647:certificate/766b53ff-e2d4-4723-a40e-b57a03e97df7",
            "certificate_authority_arn": "",
            "certificate_body": null,
            "certificate_chain": null,
            "domain_name": "yourdomain.com",
            "domain_validation_options": [
              {
                "domain_name": "yourdomain.com",
                "resource_record_name": "_0c7d6ba9481908d462e2250ffa30c9bc.yourdomain.com.",
                "resource_record_type": "CNAME",
                "resource_record_value": "_8cad78a4298c109a6ccdb308302b7006.zfyfvmchrl.acm-validations.aws."
              }
            ],
            "early_renewal_duration": "",
            "id": "arn:aws:acm:eu-west-2:597088025647:certificate/766b53ff-e2d4-4723-a40e-b57a03e97df7",
            "key_algorithm": "RSA_2048",
            "not_after": "",
            "not_before": "",
            "options": [
              {
                "certificate_transparency_logging_preference": "ENABLED"
              }
            ],
            "pending_renewal": false,
            "private_key": null,
            "renewal_eligibility": "INELIGIBLE",
            "renewal_summary": [],
            "status": "PENDING_VALIDATION",
            "subject_alternative_names": [
              "yourdomain.com"
            ],
            "tags": null,
            "tags_all": {},
            "type": "AMAZON_ISSUED",
            "validation_emails": [],
            "validation_method": "DNS",
            "validation_option": []
          },
          "sensitive_attributes": [
            [
              {
                "type": "get_attr",
                "value": "private_key"
              }
            ]
          ],
          "private": "bnVsbA==",
          "create_before_destroy": true
        }
      ]
    },
    {
      "mode": "managed",
      "type": "aws_instance",
      "name": "web",
      "provider": "provider[\"registry.terraform.io/hashicorp/aws\"]",
      "instances": [
        {
          "schema_version": 1,
          "attributes": {
            "ami": "ami-091f18e98bc129c4e",
            "arn": "arn:aws:ec2:eu-west-2:597088025647:instance/i-0b1237132bb2c9fa1",
            "associate_public_ip_address": true,
            "availability_zone": "eu-west-2a",
            "capacity_reservation_specification": [
              {
                "capacity_reservation_preference": "open",
                "capacity_reservation_target": []
              }
            ],
            "cpu_core_count": 1,
            "cpu_options": [
              {
                "amd_sev_snp": "",
                "core_count": 1,
                "threads_per_core": 1
              }
            ],
            "cpu_threads_per_core": 1,
            "credit_specification": [
              {
                "cpu_credits": "standard"
              }
            ],
            "disable_api_stop": false,
            "disable_api_termination": false,
            "ebs_block_device": [],
            "ebs_optimized": false,
            "enable_primary_ipv6": null,
            "enclave_options": [
              {
                "enabled": false
              }
            ],
            "ephemeral_block_device": [],
            "get_password_data": false,
            "hibernation": false,
            "host_id": "",
            "host_resource_group_arn": null,
            "iam_instance_profile": "",
            "id": "i-0b1237132bb2c9fa1",
            "instance_initiated_shutdown_behavior": "stop",
            "instance_lifecycle": "",
            "instance_market_options": [],
            "instance_state": "running",
            "instance_type": "t2.micro",
            "ipv6_address_count": 0,
            "ipv6_addresses": [],
            "key_name": "devops-key",
            "launch_template": [],
            "maintenance_options": [
              {
                "auto_recovery": "default"
              }
            ],
            "metadata_options": [
              {
                "http_endpoint": "enabled",
                "http_protocol_ipv6": "disabled",
                "http_put_response_hop_limit": 2,
                "http_tokens": "required",
                "instance_metadata_tags": "disabled"
              }
            ],
            "monitoring": false,
            "network_interface": [],
            "outpost_arn": "",
            "password_data": "",
            "placement_group": "",
            "placement_partition_number": 0,
            "primary_network_interface_id": "eni-05e947baaf12dd72d",
            "private_dns": "ip-10-0-1-167.eu-west-2.compute.internal",
            "private_dns_name_options": [
              {
                "enable_resource_name_dns_a_record": false,
                "enable_resource_name_dns_aaaa_record": false,
                "hostname_type": "ip-name"
              }
            ],
            "private_ip": "10.0.1.167",
            "public_dns": "ec2-18-130-247-158.eu-west-2.compute.amazonaws.com",
            "public_ip": "18.130.247.158",
            "root_block_device": [
              {
                "delete_on_termination": true,
                "device_name": "/dev/sda1",
                "encrypted": false,
                "iops": 3000,
                "kms_key_id": "",
                "tags": {},
                "tags_all": {},
                "throughput": 125,
                "volume_id": "vol-0f5c859a76b23f059",
                "volume_size": 8,
                "volume_type": "gp3"
              }
            ],
            "secondary_private_ips": [],
            "security_groups": [],
            "source_dest_check": true,
            "spot_instance_request_id": "",
            "subnet_id": "subnet-0a3051dc8b3f0606c",
            "tags": {
              "Name": "Terraform-EC2-Instance"
            },
            "tags_all": {
              "Name": "Terraform-EC2-Instance"
            },
            "tenancy": "default",
            "timeouts": null,
            "user_data": null,
            "user_data_base64": null,
            "user_data_replace_on_change": false,
            "volume_tags": null,
            "vpc_security_group_ids": [
              "sg-07261d05de8fcc1bd"
            ]
          },
          "sensitive_attributes": [],
          "private": "eyJlMmJmYjczMC1lY2FhLTExZTYtOGY4OC0zNDM2M2JjN2M0YzAiOnsiY3JlYXRlIjo2MDAwMDAwMDAwMDAsImRlbGV0ZSI6MTIwMDAwMDAwMDAwMCwicmVhZCI6OTAwMDAwMDAwMDAwLCJ1cGRhdGUiOjYwMDAwMDAwMDAwMH0sInNjaGVtYV92ZXJzaW9uIjoiMSJ9",
          "dependencies": [
            "aws_key_pair.devops_key",
            "aws_security_group.web_sg",
            "aws_subnet.devops_subnet_1",
            "aws_vpc.devops_playground",
            "tls_private_key.devops_key"
          ]
        }
      ]
    },
    {
      "mode": "managed",
      "type": "aws_internet_gateway",
      "name": "devops_igw",
      "provider": "provider[\"registry.terraform.io/hashicorp/aws\"]",
      "instances": [
        {
          "schema_version": 0,
          "attributes": {
            "arn": "arn:aws:ec2:eu-west-2:597088025647:internet-gateway/igw-0bde00cfb8251ca04",
            "id": "igw-0bde00cfb8251ca04",
            "owner_id": "597088025647",
            "tags": {
              "Name": "devops-igw"
            },
            "tags_all": {
              "Name": "devops-igw"
            },
            "timeouts": null,
            "vpc_id": "vpc-029f2aa6769bc264a"
          },
          "sensitive_attributes": [],
          "private": "eyJlMmJmYjczMC1lY2FhLTExZTYtOGY4OC0zNDM2M2JjN2M0YzAiOnsiY3JlYXRlIjoxMjAwMDAwMDAwMDAwLCJkZWxldGUiOjEyMDAwMDAwMDAwMDAsInVwZGF0ZSI6MTIwMDAwMDAwMDAwMH19",
          "dependencies": [
            "aws_vpc.devops_playground"
          ]
        }
      ]
    },
    {
      "mode": "managed",
      "type": "aws_key_pair",
      "name": "devops_key",
      "provider": "provider[\"registry.terraform.io/hashicorp/aws\"]",
      "instances": [
        {
          "schema_version": 1,
          "attributes": {
            "arn": "arn:aws:ec2:eu-west-2:597088025647:key-pair/devops-key",
            "fingerprint": "a0:ed:a3:7a:dd:42:b5:78:7a:a8:dd:8b:62:3f:6e:bd",
            "id": "devops-key",
            "key_name": "devops-key",
            "key_name_prefix": "",
            "key_pair_id": "key-058a38f928ec95743",
            "key_type": "rsa",
            "public_key": "ssh-rsa AAAAB3NzaC1yc2EAAAADAQABAAABAQDNdeNBGMS96TtN8elpgHRtilM0LVvdOc3IGhySBG8/cLJSrZzeyaDBzetFiIS507QnFy4CYfU9oN0bRmCse0/eOALYW7E5FM0r4Xo2Sa5V1+bLn6c6DjIzQbxatazIuejxAdcHrjSdWtTQbPB0JVfZc9yHqG3hEJYZczo4uCQKduCGs08sqXofSP4TB64A6XQ3rh7IWx8bOXWkZA0jd2OTfL17jJTU0TjcQ3qbScbgGR384YSTq7jE5iWGKl/n3yZWbaRZO2wfZ/PhVmnp4g92ahZJ11/FErt6DbVAG2iQzjXnOumjUZdLwpG0Y9RqQRHzG/hDZZBXkxuHtEgenz+1",
            "tags": null,
            "tags_all": {}
          },
          "sensitive_attributes": [],
          "private": "eyJzY2hlbWFfdmVyc2lvbiI6IjEifQ==",
          "dependencies": [
            "tls_private_key.devops_key"
          ]
        }
      ]
    },
    {
      "mode": "managed",
      "type": "aws_lb",
      "name": "web_lb",
      "provider": "provider[\"registry.terraform.io/hashicorp/aws\"]",
      "instances": [
        {
          "schema_version": 0,
          "attributes": {
            "access_logs": [
              {
                "bucket": "",
                "enabled": false,
                "prefix": ""
              }
            ],
            "arn": "arn:aws:elasticloadbalancing:eu-west-2:597088025647:loadbalancer/app/web-load-balancer/c61f20a846a1bc76",
            "arn_suffix": "app/web-load-balancer/c61f20a846a1bc76",
            "client_keep_alive": 3600,
            "connection_logs": [
              {
                "bucket": "",
                "enabled": false,
                "prefix": ""
              }
            ],
            "customer_owned_ipv4_pool": "",
            "desync_mitigation_mode": "defensive",
            "dns_name": "web-load-balancer-714397045.eu-west-2.elb.amazonaws.com",
            "dns_record_client_routing_policy": null,
            "drop_invalid_header_fields": false,
            "enable_cross_zone_load_balancing": true,
            "enable_deletion_protection": false,
            "enable_http2": true,
            "enable_tls_version_and_cipher_suite_headers": false,
            "enable_waf_fail_open": false,
            "enable_xff_client_port": false,
            "enable_zonal_shift": false,
            "enforce_security_group_inbound_rules_on_private_link_traffic": "",
            "id": "arn:aws:elasticloadbalancing:eu-west-2:597088025647:loadbalancer/app/web-load-balancer/c61f20a846a1bc76",
            "idle_timeout": 60,
            "internal": false,
            "ip_address_type": "ipv4",
            "load_balancer_type": "application",
            "name": "web-load-balancer",
            "name_prefix": "",
            "preserve_host_header": false,
            "security_groups": [
              "sg-07261d05de8fcc1bd"
            ],
            "subnet_mapping": [
              {
                "allocation_id": "",
                "ipv6_address": "",
                "outpost_id": "",
                "private_ipv4_address": "",
                "subnet_id": "subnet-066dd9ca5c01c89aa"
              },
              {
                "allocation_id": "",
                "ipv6_address": "",
                "outpost_id": "",
                "private_ipv4_address": "",
                "subnet_id": "subnet-0a3051dc8b3f0606c"
              }
            ],
            "subnets": [
              "subnet-066dd9ca5c01c89aa",
              "subnet-0a3051dc8b3f0606c"
            ],
            "tags": null,
            "tags_all": {},
            "timeouts": null,
            "vpc_id": "vpc-029f2aa6769bc264a",
            "xff_header_processing_mode": "append",
            "zone_id": "ZHURV8PSTC4K8"
          },
          "sensitive_attributes": [],
          "private": "eyJlMmJmYjczMC1lY2FhLTExZTYtOGY4OC0zNDM2M2JjN2M0YzAiOnsiY3JlYXRlIjo2MDAwMDAwMDAwMDAsImRlbGV0ZSI6NjAwMDAwMDAwMDAwLCJ1cGRhdGUiOjYwMDAwMDAwMDAwMH19",
          "dependencies": [
            "aws_security_group.web_sg",
            "aws_subnet.devops_subnet_1",
            "aws_subnet.devops_subnet_2",
            "aws_vpc.devops_playground"
          ]
        }
      ]
    },
    {
      "mode": "managed",
      "type": "aws_route_table",
      "name": "devops_route_table",
      "provider": "provider[\"registry.terraform.io/hashicorp/aws\"]",
      "instances": [
        {
          "schema_version": 0,
          "attributes": {
            "arn": "arn:aws:ec2:eu-west-2:597088025647:route-table/rtb-02117420b336b9ea8",
            "id": "rtb-02117420b336b9ea8",
            "owner_id": "597088025647",
            "propagating_vgws": [],
            "route": [
              {
                "carrier_gateway_id": "",
                "cidr_block": "0.0.0.0/0",
                "core_network_arn": "",
                "destination_prefix_list_id": "",
                "egress_only_gateway_id": "",
                "gateway_id": "igw-0bde00cfb8251ca04",
                "ipv6_cidr_block": "",
                "local_gateway_id": "",
                "nat_gateway_id": "",
                "network_interface_id": "",
                "transit_gateway_id": "",
                "vpc_endpoint_id": "",
                "vpc_peering_connection_id": ""
              }
            ],
            "tags": {
              "Name": "devops-route-table"
            },
            "tags_all": {
              "Name": "devops-route-table"
            },
            "timeouts": null,
            "vpc_id": "vpc-029f2aa6769bc264a"
          },
          "sensitive_attributes": [],
          "private": "eyJlMmJmYjczMC1lY2FhLTExZTYtOGY4OC0zNDM2M2JjN2M0YzAiOnsiY3JlYXRlIjozMDAwMDAwMDAwMDAsImRlbGV0ZSI6MzAwMDAwMDAwMDAwLCJ1cGRhdGUiOjEyMDAwMDAwMDAwMH19",
          "dependencies": [
            "aws_internet_gateway.devops_igw",
            "aws_vpc.devops_playground"
          ]
        }
      ]
    },
    {
      "mode": "managed",
      "type": "aws_route_table_association",
      "name": "subnet_1_assoc",
      "provider": "provider[\"registry.terraform.io/hashicorp/aws\"]",
      "instances": [
        {
          "schema_version": 0,
          "attributes": {
            "gateway_id": "",
            "id": "rtbassoc-01837ebcace8d3a29",
            "route_table_id": "rtb-02117420b336b9ea8",
            "subnet_id": "subnet-0a3051dc8b3f0606c",
            "timeouts": null
          },
          "sensitive_attributes": [],
          "private": "eyJlMmJmYjczMC1lY2FhLTExZTYtOGY4OC0zNDM2M2JjN2M0YzAiOnsiY3JlYXRlIjozMDAwMDAwMDAwMDAsImRlbGV0ZSI6MzAwMDAwMDAwMDAwLCJ1cGRhdGUiOjEyMDAwMDAwMDAwMH19",
          "dependencies": [
            "aws_internet_gateway.devops_igw",
            "aws_route_table.devops_route_table",
            "aws_subnet.devops_subnet_1",
            "aws_vpc.devops_playground"
          ]
        }
      ]
    },
    {
      "mode": "managed",
      "type": "aws_route_table_association",
      "name": "subnet_2_assoc",
      "provider": "provider[\"registry.terraform.io/hashicorp/aws\"]",
      "instances": [
        {
          "schema_version": 0,
          "attributes": {
            "gateway_id": "",
            "id": "rtbassoc-0e64c635fdd510f27",
            "route_table_id": "rtb-02117420b336b9ea8",
            "subnet_id": "subnet-066dd9ca5c01c89aa",
            "timeouts": null
          },
          "sensitive_attributes": [],
          "private": "eyJlMmJmYjczMC1lY2FhLTExZTYtOGY4OC0zNDM2M2JjN2M0YzAiOnsiY3JlYXRlIjozMDAwMDAwMDAwMDAsImRlbGV0ZSI6MzAwMDAwMDAwMDAwLCJ1cGRhdGUiOjEyMDAwMDAwMDAwMH19",
          "dependencies": [
            "aws_internet_gateway.devops_igw",
            "aws_route_table.devops_route_table",
            "aws_subnet.devops_subnet_2",
            "aws_vpc.devops_playground"
          ]
        }
      ]
    },
    {
      "mode": "managed",
      "type": "aws_security_group",
      "name": "web_sg",
      "provider": "provider[\"registry.terraform.io/hashicorp/aws\"]",
      "instances": [
        {
          "schema_version": 1,
          "attributes": {
            "arn": "arn:aws:ec2:eu-west-2:597088025647:security-group/sg-07261d05de8fcc1bd",
            "description": "Allow inbound SSH, HTTP, and HTTPS",
            "egress": [
              {
                "cidr_blocks": [
                  "0.0.0.0/0"
                ],
                "description": "",
                "from_port": 0,
                "ipv6_cidr_blocks": [],
                "prefix_list_ids": [],
                "protocol": "-1",
                "security_groups": [],
                "self": false,
                "to_port": 0
              }
            ],
            "id": "sg-07261d05de8fcc1bd",
            "ingress": [
              {
                "cidr_blocks": [
                  "0.0.0.0/0"
                ],
                "description": "",
                "from_port": 22,
                "ipv6_cidr_blocks": [],
                "prefix_list_ids": [],
                "protocol": "tcp",
                "security_groups": [],
                "self": false,
                "to_port": 22
              },
              {
                "cidr_blocks": [
                  "0.0.0.0/0"
                ],
                "description": "",
                "from_port": 443,
                "ipv6_cidr_blocks": [],
                "prefix_list_ids": [],
                "protocol": "tcp",
                "security_groups": [],
                "self": false,
                "to_port": 443
              },
              {
                "cidr_blocks": [
                  "0.0.0.0/0"
                ],
                "description": "",
                "from_port": 80,
                "ipv6_cidr_blocks": [],
                "prefix_list_ids": [],
                "protocol": "tcp",
                "security_groups": [],
                "self": false,
                "to_port": 80
              }
            ],
            "name": "web-sg",
            "name_prefix": "",
            "owner_id": "597088025647",
            "revoke_rules_on_delete": false,
            "tags": null,
            "tags_all": {},
            "timeouts": null,
            "vpc_id": "vpc-029f2aa6769bc264a"
          },
          "sensitive_attributes": [],
          "private": "eyJlMmJmYjczMC1lY2FhLTExZTYtOGY4OC0zNDM2M2JjN2M0YzAiOnsiY3JlYXRlIjo2MDAwMDAwMDAwMDAsImRlbGV0ZSI6OTAwMDAwMDAwMDAwfSwic2NoZW1hX3ZlcnNpb24iOiIxIn0=",
          "dependencies": [
            "aws_vpc.devops_playground"
          ]
        }
      ]
    },
    {
      "mode": "managed",
      "type": "aws_subnet",
      "name": "devops_subnet_1",
      "provider": "provider[\"registry.terraform.io/hashicorp/aws\"]",
      "instances": [
        {
          "schema_version": 1,
          "attributes": {
            "arn": "arn:aws:ec2:eu-west-2:597088025647:subnet/subnet-0a3051dc8b3f0606c",
            "assign_ipv6_address_on_creation": false,
            "availability_zone": "eu-west-2a",
            "availability_zone_id": "euw2-az2",
            "cidr_block": "10.0.1.0/24",
            "customer_owned_ipv4_pool": "",
            "enable_dns64": false,
            "enable_lni_at_device_index": 0,
            "enable_resource_name_dns_a_record_on_launch": false,
            "enable_resource_name_dns_aaaa_record_on_launch": false,
            "id": "subnet-0a3051dc8b3f0606c",
            "ipv6_cidr_block": "",
            "ipv6_cidr_block_association_id": "",
            "ipv6_native": false,
            "map_customer_owned_ip_on_launch": false,
            "map_public_ip_on_launch": true,
            "outpost_arn": "",
            "owner_id": "597088025647",
            "private_dns_hostname_type_on_launch": "ip-name",
            "tags": {
              "Name": "devops-subnet-1"
            },
            "tags_all": {
              "Name": "devops-subnet-1"
            },
            "timeouts": null,
            "vpc_id": "vpc-029f2aa6769bc264a"
          },
          "sensitive_attributes": [],
          "private": "eyJlMmJmYjczMC1lY2FhLTExZTYtOGY4OC0zNDM2M2JjN2M0YzAiOnsiY3JlYXRlIjo2MDAwMDAwMDAwMDAsImRlbGV0ZSI6MTIwMDAwMDAwMDAwMH0sInNjaGVtYV92ZXJzaW9uIjoiMSJ9",
          "dependencies": [
            "aws_vpc.devops_playground"
          ]
        }
      ]
    },
    {
      "mode": "managed",
      "type": "aws_subnet",
      "name": "devops_subnet_2",
      "provider": "provider[\"registry.terraform.io/hashicorp/aws\"]",
      "instances": [
        {
          "schema_version": 1,
          "attributes": {
            "arn": "arn:aws:ec2:eu-west-2:597088025647:subnet/subnet-066dd9ca5c01c89aa",
            "assign_ipv6_address_on_creation": false,
            "availability_zone": "eu-west-2b",
            "availability_zone_id": "euw2-az3",
            "cidr_block": "10.0.2.0/24",
            "customer_owned_ipv4_pool": "",
            "enable_dns64": false,
            "enable_lni_at_device_index": 0,
            "enable_resource_name_dns_a_record_on_launch": false,
            "enable_resource_name_dns_aaaa_record_on_launch": false,
            "id": "subnet-066dd9ca5c01c89aa",
            "ipv6_cidr_block": "",
            "ipv6_cidr_block_association_id": "",
            "ipv6_native": false,
            "map_customer_owned_ip_on_launch": false,
            "map_public_ip_on_launch": true,
            "outpost_arn": "",
            "owner_id": "597088025647",
            "private_dns_hostname_type_on_launch": "ip-name",
            "tags": {
              "Name": "devops-subnet-2"
            },
            "tags_all": {
              "Name": "devops-subnet-2"
            },
            "timeouts": null,
            "vpc_id": "vpc-029f2aa6769bc264a"
          },
          "sensitive_attributes": [],
          "private": "eyJlMmJmYjczMC1lY2FhLTExZTYtOGY4OC0zNDM2M2JjN2M0YzAiOnsiY3JlYXRlIjo2MDAwMDAwMDAwMDAsImRlbGV0ZSI6MTIwMDAwMDAwMDAwMH0sInNjaGVtYV92ZXJzaW9uIjoiMSJ9",
          "dependencies": [
            "aws_vpc.devops_playground"
          ]
        }
      ]
    },
    {
      "mode": "managed",
      "type": "aws_vpc",
      "name": "devops_playground",
      "provider": "provider[\"registry.terraform.io/hashicorp/aws\"]",
      "instances": [
        {
          "schema_version": 1,
          "attributes": {
            "arn": "arn:aws:ec2:eu-west-2:597088025647:vpc/vpc-029f2aa6769bc264a",
            "assign_generated_ipv6_cidr_block": false,
            "cidr_block": "10.0.0.0/16",
            "default_network_acl_id": "acl-038665ac7315a33f6",
            "default_route_table_id": "rtb-020de1287e41c796f",
            "default_security_group_id": "sg-0e5853ebecf3e27ae",
            "dhcp_options_id": "dopt-078d2d882f65c0302",
            "enable_dns_hostnames": true,
            "enable_dns_support": true,
            "enable_network_address_usage_metrics": false,
            "id": "vpc-029f2aa6769bc264a",
            "instance_tenancy": "default",
            "ipv4_ipam_pool_id": null,
            "ipv4_netmask_length": null,
            "ipv6_association_id": "",
            "ipv6_cidr_block": "",
            "ipv6_cidr_block_network_border_group": "",
            "ipv6_ipam_pool_id": "",
            "ipv6_netmask_length": 0,
            "main_route_table_id": "rtb-020de1287e41c796f",
            "owner_id": "597088025647",
            "tags": {
              "Name": "devops-playground"
            },
            "tags_all": {
              "Name": "devops-playground"
            }
          },
          "sensitive_attributes": [],
          "private": "eyJzY2hlbWFfdmVyc2lvbiI6IjEifQ=="
        }
      ]
    },
    {
      "mode": "managed",
      "type": "tls_private_key",
      "name": "devops_key",
      "provider": "provider[\"registry.terraform.io/hashicorp/tls\"]",
      "instances": [
        {
          "schema_version": 1,
          "attributes": {
            "algorithm": "RSA",
            "ecdsa_curve": "P224",
            "id": "47695911975b2b55c4d392a438fd0e02c2685d66",
            "private_key_openssh": "-----BEGIN OPENSSH PRIVATE KEY-----\nb3BlbnNzaC1rZXktdjEAAAAABG5vbmUAAAAEbm9uZQAAAAAAAAABAAABFwAAAAdz\nc2gtcnNhAAAAAwEAAQAAAQEAzXXjQRjEvek7TfHpaYB0bYpTNC1b3TnNyBockgRv\nP3CyUq2c3smgwc3rRYiEudO0JxcuAmH1PaDdG0ZgrHtP3jgC2FuxORTNK+F6Nkmu\nVdfmy5+nOg4yM0G8WrWsyLno8QHXB640nVrU0GzwdCVX2XPch6ht4RCWGXM6OLgk\nCnbghrNPLKl6H0j+EweuAOl0N64eyFsfGzl1pGQNI3djk3y9e4yU1NE43EN6m0nG\n4Bkd/OGEk6u4xOYlhipf598mVm2kWTtsH2fz4VZp6eIPdmoWSddfxRK7eg21QBto\nkM415zrpo1GXS8KRtGPUakER8xv4Q2WQV5Mbh7RIHp8/tQAAA7i+1ZaTvtWWkwAA\nAAdzc2gtcnNhAAABAQDNdeNBGMS96TtN8elpgHRtilM0LVvdOc3IGhySBG8/cLJS\nrZzeyaDBzetFiIS507QnFy4CYfU9oN0bRmCse0/eOALYW7E5FM0r4Xo2Sa5V1+bL\nn6c6DjIzQbxatazIuejxAdcHrjSdWtTQbPB0JVfZc9yHqG3hEJYZczo4uCQKduCG\ns08sqXofSP4TB64A6XQ3rh7IWx8bOXWkZA0jd2OTfL17jJTU0TjcQ3qbScbgGR38\n4YSTq7jE5iWGKl/n3yZWbaRZO2wfZ/PhVmnp4g92ahZJ11/FErt6DbVAG2iQzjXn\nOumjUZdLwpG0Y9RqQRHzG/hDZZBXkxuHtEgenz+1AAAAAwEAAQAAAQAI5a//o6jx\naGYvC+jFrtBb5f+QZN5ziAtHPQo7sIF4x9KRDf+bDjQt8FLd4fmNaoOEpdZSOBe8\noXixs6yAC577yoUlBWN5S1NPMSZvr2UjRoQyESnWs8KswY38h52B27sgpKnBJWQV\n5FcO54jKHsvdGM1V+o83jdZSJ9E/n4nAAi34+tg90+rNk+oH/2RC0q6zcoeNVSCK\n6dZmD8jV4aQsagN3krXS4zGlgi7ydS3Ztgn+MEE34OiUY7C2nP9ejxi33om3O7Th\nAIRT6/JHQJ6lOKIDYbpZGfPzKizP8XUkxgiDAJpSCkcgOZWrSIRUgm+CrcPR8aR7\nLVPTQcyAZSvBAAAAgQDSLCAX2XEPwnPPOchmaSdLBRVOv/kFxkimo+Qr6tI7UhwK\nFUYPPNZ1aASngoXWtukosRoJtg+SV4X+TUvaWC8WN6CC+rKzvpI4iDs2XjP6g+5W\n6AAFFZr8QbyyOiyHDtextuBduv+az5yvJM8zD6vhJBFHFFGF4mA0r5uU8KTQUAAA\nAIEA77bUp0e5R1gfRKA8rmOLXojxk7jKgK1aWQz2dzEe/DYB8jkMbXAHs0CH6k6K\ngh7zgKbYMrjy3jRYyiFWnAU8rPN9V74/MmUD9kyQTm5dczyFjRb08yRXmlGMr+CG\nkOcJHcojilkIJxtwAk4cdDx9n7P4VSfCZTsLtp0at6sG75kAAACBANtrTvC4AI8D\nLKVuVbWgtc5ozqyhF+/KNN4t31e8XC/5hC+atFiue4mDksAM3v4iZa+3nX0j9ON3\nz9QPVuyEa1WUE7JgZ47/XHlNTqiiZ8ELO2GwHIpSC61qV4dv+WmXzaNLt3SzaUPx\neeYZDA5ca5Xd9tnMTlaEGcuyWKOOr5J9AAAAAAEC\n-----END OPENSSH PRIVATE KEY-----\n",
            "private_key_pem": "-----BEGIN RSA PRIVATE KEY-----\nMIIEowIBAAKCAQEAzXXjQRjEvek7TfHpaYB0bYpTNC1b3TnNyBockgRvP3CyUq2c\n3smgwc3rRYiEudO0JxcuAmH1PaDdG0ZgrHtP3jgC2FuxORTNK+F6NkmuVdfmy5+n\nOg4yM0G8WrWsyLno8QHXB640nVrU0GzwdCVX2XPch6ht4RCWGXM6OLgkCnbghrNP\nLKl6H0j+EweuAOl0N64eyFsfGzl1pGQNI3djk3y9e4yU1NE43EN6m0nG4Bkd/OGE\nk6u4xOYlhipf598mVm2kWTtsH2fz4VZp6eIPdmoWSddfxRK7eg21QBtokM415zrp\no1GXS8KRtGPUakER8xv4Q2WQV5Mbh7RIHp8/tQIDAQABAoIBAAjlr/+jqPFoZi8L\n6MWu0Fvl/5Bk3nOIC0c9CjuwgXjH0pEN/5sONC3wUt3h+Y1qg4Sl1lI4F7yheLGz\nrIALnvvKhSUFY3lLU08xJm+vZSNGhDIRKdazwqzBjfyHnYHbuyCkqcElZBXkVw7n\niMoey90YzVX6jzeN1lIn0T+ficACLfj62D3T6s2T6gf/ZELSrrNyh41VIIrp1mYP\nyNXhpCxqA3eStdLjMaWCLvJ1Ldm2Cf4wQTfg6JRjsLac/16PGLfeibc7tOEAhFPr\n8kdAnqU4ogNhulkZ8/MqLM/xdSTGCIMAmlIKRyA5latIhFSCb4Ktw9HxpHstU9NB\nzIBlK8ECgYEA77bUp0e5R1gfRKA8rmOLXojxk7jKgK1aWQz2dzEe/DYB8jkMbXAH\ns0CH6k6Kgh7zgKbYMrjy3jRYyiFWnAU8rPN9V74/MmUD9kyQTm5dczyFjRb08yRX\nmlGMr+CGkOcJHcojilkIJxtwAk4cdDx9n7P4VSfCZTsLtp0at6sG75kCgYEA22tO\n8LgAjwMspW5VtaC1zmjOrKEX78o03i3fV7xcL/mEL5q0WK57iYOSwAze/iJlr7ed\nfSP043fP1A9W7IRrVZQTsmBnjv9ceU1OqKJnwQs7YbAcilILrWpXh2/5aZfNo0u3\ndLNpQ/F55hkMDlxrld322cxOVoQZy7JYo46vkn0CgYAnjAYxQsfyWTtvWvAn5QxN\nIFKaiFYAPJk3L8hJibUO7uoLSBYgx+a9T9wcb7CyHuEVTHFGjPSkbAZp8m4Td1m3\nPsRjAWPzsG6i56a3CcYpCMcPq8Xlhw1czC9lpKkOps7+Nyb94ApUSVaFStWu53vi\nKRLDGbgcc01PZ0PNIU4XoQKBgGhZ4HEbESjymYkTsC9w/wXrUl9HPdsMj5gauN1A\n95bZU8RQDvUeBiKgMGqltGeodDPdX0jkkNKdaHmx0eUqFOHeSn/K2XVofNIzsfUB\nR9bHQLZ0yx39ZxBSQs5msndFesbue5FEwgtODGsh/lnWGlRr+7oZMCh1Ks91QjKG\n6XkBAoGBANIsIBfZcQ/Cc885yGZpJ0sFFU6/+QXGSKaj5Cvq0jtSHAoVRg881nVo\nBKeChda26SixGgm2D5JXhf5NS9pYLxY3oIL6srO+kjiIOzZeM/qD7lboAAUVmvxB\nvLI6LIcO17G24F26/5rPnK8kzzMPq+EkEUcUUYXiYDSvm5TwpNBQ\n-----END RSA PRIVATE KEY-----\n",
            "private_key_pem_pkcs8": "-----BEGIN PRIVATE KEY-----\nMIIEvQIBADANBgkqhkiG9w0BAQEFAASCBKcwggSjAgEAAoIBAQDNdeNBGMS96TtN\n8elpgHRtilM0LVvdOc3IGhySBG8/cLJSrZzeyaDBzetFiIS507QnFy4CYfU9oN0b\nRmCse0/eOALYW7E5FM0r4Xo2Sa5V1+bLn6c6DjIzQbxatazIuejxAdcHrjSdWtTQ\nbPB0JVfZc9yHqG3hEJYZczo4uCQKduCGs08sqXofSP4TB64A6XQ3rh7IWx8bOXWk\nZA0jd2OTfL17jJTU0TjcQ3qbScbgGR384YSTq7jE5iWGKl/n3yZWbaRZO2wfZ/Ph\nVmnp4g92ahZJ11/FErt6DbVAG2iQzjXnOumjUZdLwpG0Y9RqQRHzG/hDZZBXkxuH\ntEgenz+1AgMBAAECggEACOWv/6Oo8WhmLwvoxa7QW+X/kGTec4gLRz0KO7CBeMfS\nkQ3/mw40LfBS3eH5jWqDhKXWUjgXvKF4sbOsgAue+8qFJQVjeUtTTzEmb69lI0aE\nMhEp1rPCrMGN/Iedgdu7IKSpwSVkFeRXDueIyh7L3RjNVfqPN43WUifRP5+JwAIt\n+PrYPdPqzZPqB/9kQtKus3KHjVUgiunWZg/I1eGkLGoDd5K10uMxpYIu8nUt2bYJ\n/jBBN+DolGOwtpz/Xo8Yt96Jtzu04QCEU+vyR0CepTiiA2G6WRnz8yosz/F1JMYI\ngwCaUgpHIDmVq0iEVIJvgq3D0fGkey1T00HMgGUrwQKBgQDvttSnR7lHWB9EoDyu\nY4teiPGTuMqArVpZDPZ3MR78NgHyOQxtcAezQIfqToqCHvOAptgyuPLeNFjKIVac\nBTys831Xvj8yZQP2TJBObl1zPIWNFvTzJFeaUYyv4IaQ5wkdyiOKWQgnG3ACThx0\nPH2fs/hVJ8JlOwu2nRq3qwbvmQKBgQDba07wuACPAyylblW1oLXOaM6soRfvyjTe\nLd9XvFwv+YQvmrRYrnuJg5LADN7+ImWvt519I/Tjd8/UD1bshGtVlBOyYGeO/1x5\nTU6oomfBCzthsByKUgutaleHb/lpl82jS7d0s2lD8XnmGQwOXGuV3fbZzE5WhBnL\nslijjq+SfQKBgCeMBjFCx/JZO29a8CflDE0gUpqIVgA8mTcvyEmJtQ7u6gtIFiDH\n5r1P3BxvsLIe4RVMcUaM9KRsBmnybhN3Wbc+xGMBY/OwbqLnprcJxikIxw+rxeWH\nDVzML2WkqQ6mzv43Jv3gClRJVoVK1a7ne+IpEsMZuBxzTU9nQ80hThehAoGAaFng\ncRsRKPKZiROwL3D/BetSX0c92wyPmBq43UD3ltlTxFAO9R4GIqAwaqW0Z6h0M91f\nSOSQ0p1oebHR5SoU4d5Kf8rZdWh80jOx9QFH1sdAtnTLHf1nEFJCzmayd0V6xu57\nkUTCC04MayH+WdYaVGv7uhkwKHUqz3VCMobpeQECgYEA0iwgF9lxD8JzzznIZmkn\nSwUVTr/5BcZIpqPkK+rSO1IcChVGDzzWdWgEp4KF1rbpKLEaCbYPkleF/k1L2lgv\nFjeggvqys76SOIg7Nl4z+oPuVugABRWa/EG8sjoshw7XsbbgXbr/ms+cryTPMw+r\n4SQRRxRRheJgNK+blPCk0FA=\n-----END PRIVATE KEY-----\n",
            "public_key_fingerprint_md5": "e2:13:83:9d:a6:e4:70:c9:bf:7c:d4:67:8a:e6:38:b5",
            "public_key_fingerprint_sha256": "SHA256:6ABIpoRlR+o+TgorDO5c0W08NI7EUB3sA5Ifx8dYzq8",
            "public_key_openssh": "ssh-rsa AAAAB3NzaC1yc2EAAAADAQABAAABAQDNdeNBGMS96TtN8elpgHRtilM0LVvdOc3IGhySBG8/cLJSrZzeyaDBzetFiIS507QnFy4CYfU9oN0bRmCse0/eOALYW7E5FM0r4Xo2Sa5V1+bLn6c6DjIzQbxatazIuejxAdcHrjSdWtTQbPB0JVfZc9yHqG3hEJYZczo4uCQKduCGs08sqXofSP4TB64A6XQ3rh7IWx8bOXWkZA0jd2OTfL17jJTU0TjcQ3qbScbgGR384YSTq7jE5iWGKl/n3yZWbaRZO2wfZ/PhVmnp4g92ahZJ11/FErt6DbVAG2iQzjXnOumjUZdLwpG0Y9RqQRHzG/hDZZBXkxuHtEgenz+1\n",
            "public_key_pem": "-----BEGIN PUBLIC KEY-----\nMIIBIjANBgkqhkiG9w0BAQEFAAOCAQ8AMIIBCgKCAQEAzXXjQRjEvek7TfHpaYB0\nbYpTNC1b3TnNyBockgRvP3CyUq2c3smgwc3rRYiEudO0JxcuAmH1PaDdG0ZgrHtP\n3jgC2FuxORTNK+F6NkmuVdfmy5+nOg4yM0G8WrWsyLno8QHXB640nVrU0GzwdCVX\n2XPch6ht4RCWGXM6OLgkCnbghrNPLKl6H0j+EweuAOl0N64eyFsfGzl1pGQNI3dj\nk3y9e4yU1NE43EN6m0nG4Bkd/OGEk6u4xOYlhipf598mVm2kWTtsH2fz4VZp6eIP\ndmoWSddfxRK7eg21QBtokM415zrpo1GXS8KRtGPUakER8xv4Q2WQV5Mbh7RIHp8/\ntQIDAQAB\n-----END PUBLIC KEY-----\n",
            "rsa_bits": 2048
          },
          "sensitive_attributes": [
            [
              {
                "type": "get_attr",
                "value": "private_key_pem"
              }
            ],
            [
              {
                "type": "get_attr",
                "value": "private_key_pem_pkcs8"
              }
            ],
            [
              {
                "type": "get_attr",
                "value": "private_key_openssh"
              }
            ]
          ]
        }
      ]
    }
  ],
  "check_results": null
}
