{
  "version": 4,
  "terraform_version": "1.10.5",
  "serial": 52,
  "lineage": "de67016a-2c4a-5e1d-dbac-76afb8aab3ea",
  "outputs": {
    "private_key": {
      "value": "-----BEGIN RSA PRIVATE KEY-----\nMIIEpQIBAAKCAQEA2NIzVurwYQcLrKvj3GGCPDKqyW2Pjb+C1ZT9unGnOixL/O9B\n/MOWzR2SlWliJNJOwInqXAo8sDACiEn3EpXVrRsDorOE9naOp9BlxeemDig/HQ2K\n2jPVr59qE6hzi3/UxpypqAkf/3EJSChdgRjA3Lt2bKdYe+F0I3mtSI0UU174MSaB\nc+OD4N65VgFvwlAaeVPDQEroOpF4YRun24leWkxAZFqzwNd0Quqah44mP/ajsaZb\nI1TG7VzdoDfOULzKw56uYI4s+RMhHgxdGOoZABaoGJwezf/2Io54N85+XgirRPVW\noLZQ1B2H9O2SM2pQR84XcTt+3YBMv17G3a5sQwIDAQABAoIBAQCBSb5RWuChitj8\nSrchx4coLDJI0CrkpEj44NH3ZiQIfTeGiIi5l0uJ3dN1gpSCTmGlT9fOsFAF42rv\nJ+PLUktK4KvnTdLAQGvKR2sYeow7LuaLhXLBsF0ATzeqpyzXBw+yquJDj8VjxVx6\niY9QFpmSRbpVCeiqXgKp0LlyZKW1G/fARElozHEEN7n+KlRh+WQxl1gjVFUJb2hM\nV+9GY88hdb4P2NE/I+u3b1EhqwrkeDRWZ7R7pQkt5IFLvBPTa8/lq+NosWsDHeBp\nWVR1imdItEmv793mCSm/FKZmr74N4hCHfWtqBD5fpl4Eyy0m9SnF64qt3kDwgxdL\nXIEJAAmZAoGBAPnVQFPZto50222wONqy7wnrE3Qjb8H804Esw+JxV+3BfMrOROyb\nJmEgi6Wr1SL7f5PCG7NV/nwIMdvVoP0xE8sj5wsJWDlM22BbTo1Gfb1w2YfwVCav\np7ZXbsGVl68OZw0y7G59zcOhLfGGcQfCuLBkvwk6CUGcctG6Hqt48vKPAoGBAN4s\nVv+q0NKKfTEoH5LgbJzZMh16rIta1NYa0A9fINLRft4YKm6c7cnu1CkHeytSis0Z\noWTnF3A/ng7b1Bb3I5oR2OwcLP+wo+xk8sUeZpZnqwG4gCnQVJhipF1X9Z/Jh0fJ\nKeW8Y95RkbxrN2JNaLPTv1j9nWfWCBB0hIPHF7UNAoGAAQGi6LOP0LMXzzFOiVL/\nM4MG6QjbgmSKVZLglyDtwb9tyUNbc7iMRwfiiCBRE3r/4JB/nBFUnRtLWB9cLqjr\n832JiLnY6SIuIA0+G8OU7hZuSeXl8OH0Qv/HKnB30/Sy5ZK28RsAoTEdBkQMYIOg\nStWdD2R0dRc0PzQIu5gZInECgYEAoDy0hnMJZ0Aw6No6Y3FvhHR126MVfPCG3uC5\nvMxsXQBxkvc061BNhD23UNwvbmB68VASAjdVxURs1+Seg+29BKrom+n6XnNk1uM7\n4QV7EfE0+em6re2uhbVnPFdrNNJhulmQ2TvVf4uvI4jkigawhDotIJ7R/wj0CgIv\nbOeT5qUCgYEA9HY5VowyeRod0n/MRtnUqljJmjPMNwKVz+gjCsC3fmD5x2XRVik0\n0JCpkJJUxCOQxbHRfOuxPApzr3vzl+6+Jtw3sCNFoG2vuw+va4GHXFcaa+aA91El\n5jx4D57nOX5rE0No3MNE9w1Az15IXI6oHxLJGCEk0XvoJhZgFWHTzJs=\n-----END RSA PRIVATE KEY-----\n",
      "type": "string",
      "sensitive": true
    }
  },
  "resources": [
    {
      "mode": "managed",
      "type": "aws_acm_certificate",
      "name": "web_cert",
      "provider": "provider[\"registry.terraform.io/hashicorp/aws\"]",
      "instances": [
        {
          "schema_version": 0,
          "attributes": {
            "arn": "arn:aws:acm:eu-west-2:597088025647:certificate/11f496be-ee32-43b5-8cca-b71962965365",
            "certificate_authority_arn": "",
            "certificate_body": null,
            "certificate_chain": null,
            "domain_name": "yourdomain.com",
            "domain_validation_options": [
              {
                "domain_name": "yourdomain.com",
                "resource_record_name": "_0c7d6ba9481908d462e2250ffa30c9bc.yourdomain.com.",
                "resource_record_type": "CNAME",
                "resource_record_value": "_8cad78a4298c109a6ccdb308302b7006.zfyfvmchrl.acm-validations.aws."
              }
            ],
            "early_renewal_duration": "",
            "id": "arn:aws:acm:eu-west-2:597088025647:certificate/11f496be-ee32-43b5-8cca-b71962965365",
            "key_algorithm": "RSA_2048",
            "not_after": "",
            "not_before": "",
            "options": [
              {
                "certificate_transparency_logging_preference": "ENABLED"
              }
            ],
            "pending_renewal": false,
            "private_key": null,
            "renewal_eligibility": "INELIGIBLE",
            "renewal_summary": [],
            "status": "PENDING_VALIDATION",
            "subject_alternative_names": [
              "yourdomain.com"
            ],
            "tags": {},
            "tags_all": {},
            "type": "AMAZON_ISSUED",
            "validation_emails": [],
            "validation_method": "DNS",
            "validation_option": []
          },
          "sensitive_attributes": [
            [
              {
                "type": "get_attr",
                "value": "private_key"
              }
            ]
          ],
          "private": "bnVsbA==",
          "create_before_destroy": true
        }
      ]
    },
    {
      "mode": "managed",
      "type": "aws_lb_target_group",
      "name": "web_tg",
      "provider": "provider[\"registry.terraform.io/hashicorp/aws\"]",
      "instances": [
        {
          "schema_version": 0,
          "attributes": {
            "arn": "arn:aws:elasticloadbalancing:eu-west-2:597088025647:targetgroup/web-target-group/412bfd8726be9d5a",
            "arn_suffix": "targetgroup/web-target-group/412bfd8726be9d5a",
            "connection_termination": null,
            "deregistration_delay": "300",
            "health_check": [
              {
                "enabled": true,
                "healthy_threshold": 5,
                "interval": 30,
                "matcher": "200",
                "path": "/",
                "port": "traffic-port",
                "protocol": "HTTP",
                "timeout": 5,
                "unhealthy_threshold": 2
              }
            ],
            "id": "arn:aws:elasticloadbalancing:eu-west-2:597088025647:targetgroup/web-target-group/412bfd8726be9d5a",
            "ip_address_type": "ipv4",
            "lambda_multi_value_headers_enabled": false,
            "load_balancer_arns": [],
            "load_balancing_algorithm_type": "round_robin",
            "load_balancing_anomaly_mitigation": "off",
            "load_balancing_cross_zone_enabled": "use_load_balancer_configuration",
            "name": "web-target-group",
            "name_prefix": "",
            "port": 80,
            "preserve_client_ip": null,
            "protocol": "HTTP",
            "protocol_version": "HTTP1",
            "proxy_protocol_v2": false,
            "slow_start": 0,
            "stickiness": [
              {
                "cookie_duration": 86400,
                "cookie_name": "",
                "enabled": false,
                "type": "lb_cookie"
              }
            ],
            "tags": {},
            "tags_all": {},
            "target_failover": [
              {
                "on_deregistration": null,
                "on_unhealthy": null
              }
            ],
            "target_group_health": [
              {
                "dns_failover": [
                  {
                    "minimum_healthy_targets_count": "1",
                    "minimum_healthy_targets_percentage": "off"
                  }
                ],
                "unhealthy_state_routing": [
                  {
                    "minimum_healthy_targets_count": 1,
                    "minimum_healthy_targets_percentage": "off"
                  }
                ]
              }
            ],
            "target_health_state": [
              {
                "enable_unhealthy_connection_termination": null,
                "unhealthy_draining_interval": null
              }
            ],
            "target_type": "instance",
            "vpc_id": "vpc-0cd1f4dc986cc6cd8"
          },
          "sensitive_attributes": [],
          "private": "bnVsbA==",
          "dependencies": [
            "aws_vpc.devops_playground"
          ]
        }
      ]
    },
    {
      "mode": "managed",
      "type": "aws_subnet",
      "name": "devops_subnet_1",
      "provider": "provider[\"registry.terraform.io/hashicorp/aws\"]",
      "instances": [
        {
          "schema_version": 1,
          "attributes": {
            "arn": "arn:aws:ec2:eu-west-2:597088025647:subnet/subnet-0f55114a39e41d535",
            "assign_ipv6_address_on_creation": false,
            "availability_zone": "eu-west-2a",
            "availability_zone_id": "euw2-az2",
            "cidr_block": "10.0.1.0/24",
            "customer_owned_ipv4_pool": "",
            "enable_dns64": false,
            "enable_lni_at_device_index": 0,
            "enable_resource_name_dns_a_record_on_launch": false,
            "enable_resource_name_dns_aaaa_record_on_launch": false,
            "id": "subnet-0f55114a39e41d535",
            "ipv6_cidr_block": "",
            "ipv6_cidr_block_association_id": "",
            "ipv6_native": false,
            "map_customer_owned_ip_on_launch": false,
            "map_public_ip_on_launch": false,
            "outpost_arn": "",
            "owner_id": "597088025647",
            "private_dns_hostname_type_on_launch": "ip-name",
            "tags": {
              "Name": "devops-subnet-1"
            },
            "tags_all": {
              "Name": "devops-subnet-1"
            },
            "timeouts": null,
            "vpc_id": "vpc-0cd1f4dc986cc6cd8"
          },
          "sensitive_attributes": [],
          "private": "eyJlMmJmYjczMC1lY2FhLTExZTYtOGY4OC0zNDM2M2JjN2M0YzAiOnsiY3JlYXRlIjo2MDAwMDAwMDAwMDAsImRlbGV0ZSI6MTIwMDAwMDAwMDAwMH0sInNjaGVtYV92ZXJzaW9uIjoiMSJ9",
          "dependencies": [
            "aws_vpc.devops_playground"
          ]
        }
      ]
    },
    {
      "mode": "managed",
      "type": "aws_subnet",
      "name": "devops_subnet_2",
      "provider": "provider[\"registry.terraform.io/hashicorp/aws\"]",
      "instances": [
        {
          "schema_version": 1,
          "attributes": {
            "arn": "arn:aws:ec2:eu-west-2:597088025647:subnet/subnet-08fc0c6c6bc356e11",
            "assign_ipv6_address_on_creation": false,
            "availability_zone": "eu-west-2b",
            "availability_zone_id": "euw2-az3",
            "cidr_block": "10.0.2.0/24",
            "customer_owned_ipv4_pool": "",
            "enable_dns64": false,
            "enable_lni_at_device_index": 0,
            "enable_resource_name_dns_a_record_on_launch": false,
            "enable_resource_name_dns_aaaa_record_on_launch": false,
            "id": "subnet-08fc0c6c6bc356e11",
            "ipv6_cidr_block": "",
            "ipv6_cidr_block_association_id": "",
            "ipv6_native": false,
            "map_customer_owned_ip_on_launch": false,
            "map_public_ip_on_launch": false,
            "outpost_arn": "",
            "owner_id": "597088025647",
            "private_dns_hostname_type_on_launch": "ip-name",
            "tags": {
              "Name": "devops-subnet-2"
            },
            "tags_all": {
              "Name": "devops-subnet-2"
            },
            "timeouts": null,
            "vpc_id": "vpc-0cd1f4dc986cc6cd8"
          },
          "sensitive_attributes": [],
          "private": "eyJlMmJmYjczMC1lY2FhLTExZTYtOGY4OC0zNDM2M2JjN2M0YzAiOnsiY3JlYXRlIjo2MDAwMDAwMDAwMDAsImRlbGV0ZSI6MTIwMDAwMDAwMDAwMH0sInNjaGVtYV92ZXJzaW9uIjoiMSJ9",
          "dependencies": [
            "aws_vpc.devops_playground"
          ]
        }
      ]
    },
    {
      "mode": "managed",
      "type": "aws_vpc",
      "name": "devops_playground",
      "provider": "provider[\"registry.terraform.io/hashicorp/aws\"]",
      "instances": [
        {
          "schema_version": 1,
          "attributes": {
            "arn": "arn:aws:ec2:eu-west-2:597088025647:vpc/vpc-0cd1f4dc986cc6cd8",
            "assign_generated_ipv6_cidr_block": false,
            "cidr_block": "10.0.0.0/16",
            "default_network_acl_id": "acl-036fbd99ad15f7009",
            "default_route_table_id": "rtb-0b1af41399031862d",
            "default_security_group_id": "sg-09de1051a2b20a046",
            "dhcp_options_id": "dopt-078d2d882f65c0302",
            "enable_dns_hostnames": true,
            "enable_dns_support": true,
            "enable_network_address_usage_metrics": false,
            "id": "vpc-0cd1f4dc986cc6cd8",
            "instance_tenancy": "default",
            "ipv4_ipam_pool_id": null,
            "ipv4_netmask_length": null,
            "ipv6_association_id": "",
            "ipv6_cidr_block": "",
            "ipv6_cidr_block_network_border_group": "",
            "ipv6_ipam_pool_id": "",
            "ipv6_netmask_length": 0,
            "main_route_table_id": "rtb-0b1af41399031862d",
            "owner_id": "597088025647",
            "tags": {
              "Name": "devops-playground"
            },
            "tags_all": {
              "Name": "devops-playground"
            }
          },
          "sensitive_attributes": [],
          "private": "eyJzY2hlbWFfdmVyc2lvbiI6IjEifQ=="
        }
      ]
    },
    {
      "mode": "managed",
      "type": "tls_private_key",
      "name": "devops_key",
      "provider": "provider[\"registry.terraform.io/hashicorp/tls\"]",
      "instances": [
        {
          "schema_version": 1,
          "attributes": {
            "algorithm": "RSA",
            "ecdsa_curve": "P224",
            "id": "0764d2d40c2522e5043bdebd1862c00098262d5d",
            "private_key_openssh": "-----BEGIN OPENSSH PRIVATE KEY-----\nb3BlbnNzaC1rZXktdjEAAAAABG5vbmUAAAAEbm9uZQAAAAAAAAABAAABFwAAAAdz\nc2gtcnNhAAAAAwEAAQAAAQEA2NIzVurwYQcLrKvj3GGCPDKqyW2Pjb+C1ZT9unGn\nOixL/O9B/MOWzR2SlWliJNJOwInqXAo8sDACiEn3EpXVrRsDorOE9naOp9Blxeem\nDig/HQ2K2jPVr59qE6hzi3/UxpypqAkf/3EJSChdgRjA3Lt2bKdYe+F0I3mtSI0U\nU174MSaBc+OD4N65VgFvwlAaeVPDQEroOpF4YRun24leWkxAZFqzwNd0Quqah44m\nP/ajsaZbI1TG7VzdoDfOULzKw56uYI4s+RMhHgxdGOoZABaoGJwezf/2Io54N85+\nXgirRPVWoLZQ1B2H9O2SM2pQR84XcTt+3YBMv17G3a5sQwAAA7gjosajI6LGowAA\nAAdzc2gtcnNhAAABAQDY0jNW6vBhBwusq+PcYYI8MqrJbY+Nv4LVlP26cac6LEv8\n70H8w5bNHZKVaWIk0k7AiepcCjywMAKISfcSldWtGwOis4T2do6n0GXF56YOKD8d\nDYraM9Wvn2oTqHOLf9TGnKmoCR//cQlIKF2BGMDcu3Zsp1h74XQjea1IjRRTXvgx\nJoFz44Pg3rlWAW/CUBp5U8NASug6kXhhG6fbiV5aTEBkWrPA13RC6pqHjiY/9qOx\nplsjVMbtXN2gN85QvMrDnq5gjiz5EyEeDF0Y6hkAFqgYnB7N//Yijng3zn5eCKtE\n9VagtlDUHYf07ZIzalBHzhdxO37dgEy/XsbdrmxDAAAAAwEAAQAAAQEAgUm+UVrg\noYrY/Eq3IceHKCwySNAq5KRI+ODR92YkCH03hoiIuZdLid3TdYKUgk5hpU/XzrBQ\nBeNq7yfjy1JLSuCr503SwEBrykdrGHqMOy7mi4VywbBdAE83qqcs1wcPsqriQ4/F\nY8VceomPUBaZkkW6VQnoql4CqdC5cmSltRv3wERJaMxxBDe5/ipUYflkMZdYI1RV\nCW9oTFfvRmPPIXW+D9jRPyPrt29RIasK5Hg0Vme0e6UJLeSBS7wT02vP5avjaLFr\nAx3gaVlUdYpnSLRJr+/d5gkpvxSmZq++DeIQh31ragQ+X6ZeBMstJvUpxeuKrd5A\n8IMXS1yBCQAJmQAAAIEA9HY5VowyeRod0n/MRtnUqljJmjPMNwKVz+gjCsC3fmD5\nx2XRVik00JCpkJJUxCOQxbHRfOuxPApzr3vzl+6+Jtw3sCNFoG2vuw+va4GHXFca\na+aA91El5jx4D57nOX5rE0No3MNE9w1Az15IXI6oHxLJGCEk0XvoJhZgFWHTzJsA\nAACBAPnVQFPZto50222wONqy7wnrE3Qjb8H804Esw+JxV+3BfMrOROybJmEgi6Wr\n1SL7f5PCG7NV/nwIMdvVoP0xE8sj5wsJWDlM22BbTo1Gfb1w2YfwVCavp7ZXbsGV\nl68OZw0y7G59zcOhLfGGcQfCuLBkvwk6CUGcctG6Hqt48vKPAAAAgQDeLFb/qtDS\nin0xKB+S4Gyc2TIdeqyLWtTWGtAPXyDS0X7eGCpunO3J7tQpB3srUorNGaFk5xdw\nP54O29QW9yOaEdjsHCz/sKPsZPLFHmaWZ6sBuIAp0FSYYqRdV/WfyYdHySnlvGPe\nUZG8azdiTWiz079Y/Z1n1ggQdISDxxe1DQAAAAAB\n-----END OPENSSH PRIVATE KEY-----\n",
            "private_key_pem": "-----BEGIN RSA PRIVATE KEY-----\nMIIEpQIBAAKCAQEA2NIzVurwYQcLrKvj3GGCPDKqyW2Pjb+C1ZT9unGnOixL/O9B\n/MOWzR2SlWliJNJOwInqXAo8sDACiEn3EpXVrRsDorOE9naOp9BlxeemDig/HQ2K\n2jPVr59qE6hzi3/UxpypqAkf/3EJSChdgRjA3Lt2bKdYe+F0I3mtSI0UU174MSaB\nc+OD4N65VgFvwlAaeVPDQEroOpF4YRun24leWkxAZFqzwNd0Quqah44mP/ajsaZb\nI1TG7VzdoDfOULzKw56uYI4s+RMhHgxdGOoZABaoGJwezf/2Io54N85+XgirRPVW\noLZQ1B2H9O2SM2pQR84XcTt+3YBMv17G3a5sQwIDAQABAoIBAQCBSb5RWuChitj8\nSrchx4coLDJI0CrkpEj44NH3ZiQIfTeGiIi5l0uJ3dN1gpSCTmGlT9fOsFAF42rv\nJ+PLUktK4KvnTdLAQGvKR2sYeow7LuaLhXLBsF0ATzeqpyzXBw+yquJDj8VjxVx6\niY9QFpmSRbpVCeiqXgKp0LlyZKW1G/fARElozHEEN7n+KlRh+WQxl1gjVFUJb2hM\nV+9GY88hdb4P2NE/I+u3b1EhqwrkeDRWZ7R7pQkt5IFLvBPTa8/lq+NosWsDHeBp\nWVR1imdItEmv793mCSm/FKZmr74N4hCHfWtqBD5fpl4Eyy0m9SnF64qt3kDwgxdL\nXIEJAAmZAoGBAPnVQFPZto50222wONqy7wnrE3Qjb8H804Esw+JxV+3BfMrOROyb\nJmEgi6Wr1SL7f5PCG7NV/nwIMdvVoP0xE8sj5wsJWDlM22BbTo1Gfb1w2YfwVCav\np7ZXbsGVl68OZw0y7G59zcOhLfGGcQfCuLBkvwk6CUGcctG6Hqt48vKPAoGBAN4s\nVv+q0NKKfTEoH5LgbJzZMh16rIta1NYa0A9fINLRft4YKm6c7cnu1CkHeytSis0Z\noWTnF3A/ng7b1Bb3I5oR2OwcLP+wo+xk8sUeZpZnqwG4gCnQVJhipF1X9Z/Jh0fJ\nKeW8Y95RkbxrN2JNaLPTv1j9nWfWCBB0hIPHF7UNAoGAAQGi6LOP0LMXzzFOiVL/\nM4MG6QjbgmSKVZLglyDtwb9tyUNbc7iMRwfiiCBRE3r/4JB/nBFUnRtLWB9cLqjr\n832JiLnY6SIuIA0+G8OU7hZuSeXl8OH0Qv/HKnB30/Sy5ZK28RsAoTEdBkQMYIOg\nStWdD2R0dRc0PzQIu5gZInECgYEAoDy0hnMJZ0Aw6No6Y3FvhHR126MVfPCG3uC5\nvMxsXQBxkvc061BNhD23UNwvbmB68VASAjdVxURs1+Seg+29BKrom+n6XnNk1uM7\n4QV7EfE0+em6re2uhbVnPFdrNNJhulmQ2TvVf4uvI4jkigawhDotIJ7R/wj0CgIv\nbOeT5qUCgYEA9HY5VowyeRod0n/MRtnUqljJmjPMNwKVz+gjCsC3fmD5x2XRVik0\n0JCpkJJUxCOQxbHRfOuxPApzr3vzl+6+Jtw3sCNFoG2vuw+va4GHXFcaa+aA91El\n5jx4D57nOX5rE0No3MNE9w1Az15IXI6oHxLJGCEk0XvoJhZgFWHTzJs=\n-----END RSA PRIVATE KEY-----\n",
            "private_key_pem_pkcs8": "-----BEGIN PRIVATE KEY-----\nMIIEvwIBADANBgkqhkiG9w0BAQEFAASCBKkwggSlAgEAAoIBAQDY0jNW6vBhBwus\nq+PcYYI8MqrJbY+Nv4LVlP26cac6LEv870H8w5bNHZKVaWIk0k7AiepcCjywMAKI\nSfcSldWtGwOis4T2do6n0GXF56YOKD8dDYraM9Wvn2oTqHOLf9TGnKmoCR//cQlI\nKF2BGMDcu3Zsp1h74XQjea1IjRRTXvgxJoFz44Pg3rlWAW/CUBp5U8NASug6kXhh\nG6fbiV5aTEBkWrPA13RC6pqHjiY/9qOxplsjVMbtXN2gN85QvMrDnq5gjiz5EyEe\nDF0Y6hkAFqgYnB7N//Yijng3zn5eCKtE9VagtlDUHYf07ZIzalBHzhdxO37dgEy/\nXsbdrmxDAgMBAAECggEBAIFJvlFa4KGK2PxKtyHHhygsMkjQKuSkSPjg0fdmJAh9\nN4aIiLmXS4nd03WClIJOYaVP186wUAXjau8n48tSS0rgq+dN0sBAa8pHaxh6jDsu\n5ouFcsGwXQBPN6qnLNcHD7Kq4kOPxWPFXHqJj1AWmZJFulUJ6KpeAqnQuXJkpbUb\n98BESWjMcQQ3uf4qVGH5ZDGXWCNUVQlvaExX70ZjzyF1vg/Y0T8j67dvUSGrCuR4\nNFZntHulCS3kgUu8E9Nrz+Wr42ixawMd4GlZVHWKZ0i0Sa/v3eYJKb8Upmavvg3i\nEId9a2oEPl+mXgTLLSb1KcXriq3eQPCDF0tcgQkACZkCgYEA+dVAU9m2jnTbbbA4\n2rLvCesTdCNvwfzTgSzD4nFX7cF8ys5E7JsmYSCLpavVIvt/k8Ibs1X+fAgx29Wg\n/TETyyPnCwlYOUzbYFtOjUZ9vXDZh/BUJq+ntlduwZWXrw5nDTLsbn3Nw6Et8YZx\nB8K4sGS/CToJQZxy0boeq3jy8o8CgYEA3ixW/6rQ0op9MSgfkuBsnNkyHXqsi1rU\n1hrQD18g0tF+3hgqbpztye7UKQd7K1KKzRmhZOcXcD+eDtvUFvcjmhHY7Bws/7Cj\n7GTyxR5mlmerAbiAKdBUmGKkXVf1n8mHR8kp5bxj3lGRvGs3Yk1os9O/WP2dZ9YI\nEHSEg8cXtQ0CgYABAaLos4/QsxfPMU6JUv8zgwbpCNuCZIpVkuCXIO3Bv23JQ1tz\nuIxHB+KIIFETev/gkH+cEVSdG0tYH1wuqOvzfYmIudjpIi4gDT4bw5TuFm5J5eXw\n4fRC/8cqcHfT9LLlkrbxGwChMR0GRAxgg6BK1Z0PZHR1FzQ/NAi7mBkicQKBgQCg\nPLSGcwlnQDDo2jpjcW+EdHXboxV88Ibe4Lm8zGxdAHGS9zTrUE2EPbdQ3C9uYHrx\nUBICN1XFRGzX5J6D7b0Equib6fpec2TW4zvhBXsR8TT56bqt7a6FtWc8V2s00mG6\nWZDZO9V/i68jiOSKBrCEOi0gntH/CPQKAi9s55PmpQKBgQD0djlWjDJ5Gh3Sf8xG\n2dSqWMmaM8w3ApXP6CMKwLd+YPnHZdFWKTTQkKmQklTEI5DFsdF867E8CnOve/OX\n7r4m3DewI0Wgba+7D69rgYdcVxpr5oD3USXmPHgPnuc5fmsTQ2jcw0T3DUDPXkhc\njqgfEskYISTRe+gmFmAVYdPMmw==\n-----END PRIVATE KEY-----\n",
            "public_key_fingerprint_md5": "c5:65:86:d1:61:1d:28:c5:44:e0:22:e0:33:02:a1:3c",
            "public_key_fingerprint_sha256": "SHA256:e9BwAtsqMRh7O+rSJBlbtpIlFdL/+4cZEx2aMgKNhvU",
            "public_key_openssh": "ssh-rsa AAAAB3NzaC1yc2EAAAADAQABAAABAQDY0jNW6vBhBwusq+PcYYI8MqrJbY+Nv4LVlP26cac6LEv870H8w5bNHZKVaWIk0k7AiepcCjywMAKISfcSldWtGwOis4T2do6n0GXF56YOKD8dDYraM9Wvn2oTqHOLf9TGnKmoCR//cQlIKF2BGMDcu3Zsp1h74XQjea1IjRRTXvgxJoFz44Pg3rlWAW/CUBp5U8NASug6kXhhG6fbiV5aTEBkWrPA13RC6pqHjiY/9qOxplsjVMbtXN2gN85QvMrDnq5gjiz5EyEeDF0Y6hkAFqgYnB7N//Yijng3zn5eCKtE9VagtlDUHYf07ZIzalBHzhdxO37dgEy/XsbdrmxD\n",
            "public_key_pem": "-----BEGIN PUBLIC KEY-----\nMIIBIjANBgkqhkiG9w0BAQEFAAOCAQ8AMIIBCgKCAQEA2NIzVurwYQcLrKvj3GGC\nPDKqyW2Pjb+C1ZT9unGnOixL/O9B/MOWzR2SlWliJNJOwInqXAo8sDACiEn3EpXV\nrRsDorOE9naOp9BlxeemDig/HQ2K2jPVr59qE6hzi3/UxpypqAkf/3EJSChdgRjA\n3Lt2bKdYe+F0I3mtSI0UU174MSaBc+OD4N65VgFvwlAaeVPDQEroOpF4YRun24le\nWkxAZFqzwNd0Quqah44mP/ajsaZbI1TG7VzdoDfOULzKw56uYI4s+RMhHgxdGOoZ\nABaoGJwezf/2Io54N85+XgirRPVWoLZQ1B2H9O2SM2pQR84XcTt+3YBMv17G3a5s\nQwIDAQAB\n-----END PUBLIC KEY-----\n",
            "rsa_bits": 2048
          },
          "sensitive_attributes": [
            [
              {
                "type": "get_attr",
                "value": "private_key_pem_pkcs8"
              }
            ],
            [
              {
                "type": "get_attr",
                "value": "private_key_openssh"
              }
            ],
            [
              {
                "type": "get_attr",
                "value": "private_key_pem"
              }
            ]
          ]
        }
      ]
    }
  ],
  "check_results": null
}
