{
  "version": 4,
  "terraform_version": "1.10.5",
  "serial": 73,
  "lineage": "de67016a-2c4a-5e1d-dbac-76afb8aab3ea",
  "outputs": {
    "private_key": {
      "value": "-----BEGIN RSA PRIVATE KEY-----\nMIIEpQIBAAKCAQEAw0/GnpyA3iC5OCZqJLRaJItmltuA47d/VHkl373r/oZdAYHj\nomfg3KfC0HVWdgm/luUKV3wf1jhWz9sfyS0jv6Jq65Ra/FbJbza3zlodiaFKrD8v\nlWjgKl7PREInWLdQhbw7HDIc6wODgD5QU22BB9upRVDdy/gDCZ7q6Pr4PCEBvQdo\n0vMkhs5AoqXouwXym07jiN5sRSgFBn8YYr+KYX/dR8N1rJ41r9nIuNOdDFo+2nAz\nOns5j1v2TKzNo7zBFEPC3rx178ndXDkFEgtUvXBqxg8TFBc6csiC+PbkjSOWNj47\n+eGIN0t5kzm12e0kckIOkqgJho8YyWJ3r9Gj4wIDAQABAoIBAEqdVobPyVeS7s+p\ntVEyaWGes+GcGABm4MkXw0VX3CmPkUZ7JcisoLYLjRxwR0iu7rep5qqHa+499cRQ\ntTL5ALg8R1aahavzR98p60x1FuW2bb2iIf6VY1YshEhScY+t8KA2yeo6ptuNqxY6\nOBu3MN0cqO0nOKSsqhRp1tqMznrBgng/apD1GYABONsIZrGEdHk5Yb8mmMVBLCXr\nGP6mfRLgNmsyEO3jLcRdlFCCLCRwbV0Lf+4+V9itpULd8I4fTJ1lcFa0qOgGhHI6\nZ4+idqNkxqzUKeD2U/SAwQ+TEvsyumVofB9p5nltUH6HIbsrmgRoQT5Z2uevzKvm\nC8X32jkCgYEA4nXdMLOyOZ3v0ySlMA8F9a7d7jRpnN519De0lqBgn8gPlFOUExjj\nFOjdk1P6RNZVpYxTv6/z0P3KnfjILNsSCbuDQKzujlfYZG7O8DVWdkjdDOQenfPy\nCm9edVtA2URCTQVl+z+LZbqd/piuxUHbilnxfHZYTu0LPqPF4DZqdMcCgYEA3MnE\nsC28RAdNCBGyykzlnj6etwOdbzJn+3ztoVN06bTBrAIYn4xmDOo/SXbmsQxys8XA\n8wHHXTVlUT8yJhB6Q2O7ok8zaS/MdBqW4Ph04QNXWzUr3fMaRKtXGcpfOBO5Ui/y\nN/S6/nOEsbbJTxGWgLocORYyKovTtGZZJEADxAUCgYEA1yWxIg7muRSSf1+mTHVJ\nbTNYB3HmELHNEFtIB36QrdyM6JdK66XOP9RIhirXb0TOE7yw6EFK+3fSYqizzOHI\nTlTGitCAx90vaaNYmR+jaDcrQ48Kg3f6sO1DqW0ru/68mp4RWFTzo49bgUEfcapy\n4As5gMySc1GDSFyhprUsCIsCgYEAr7LdE/qBXH2W3nn/FqAVBlX8xdVZnpi1SNuE\n2yHn4udWTASrBaSbvWFYFaVKNdCbItaXEory1Qjd5MbuqH3qXeBq++IdHnLMOATE\n1qjBkiKvjMSGcSy5VbYoLTzvg1em3XGMRt05Ra42BZpZHtP3Od9hAEjaiSMWyPO9\nsmxC0uUCgYEAh2XJEbX1lYKX9IvZ466S2xUzJZU4fZpGef9fUjClvo+16uwNKool\nAZ/3HVCMNkUtU9TuThChyGrDj7+Tka7sWw8wVS/675bfRJjrO/5rQtCD03S20xu9\nU+gIQPOTy0NN00GM/Gfzkn+h1lXje/n8CNRBJKuFzfeapjC7nTckuqg=\n-----END RSA PRIVATE KEY-----\n",
      "type": "string",
      "sensitive": true
    }
  },
  "resources": [
    {
      "mode": "managed",
      "type": "aws_instance",
      "name": "web",
      "provider": "provider[\"registry.terraform.io/hashicorp/aws\"]",
      "instances": [
        {
          "schema_version": 1,
          "attributes": {
            "ami": "ami-091f18e98bc129c4e",
            "arn": "arn:aws:ec2:eu-west-2:597088025647:instance/i-09e9c8bbf65e3d069",
            "associate_public_ip_address": true,
            "availability_zone": "eu-west-2a",
            "capacity_reservation_specification": [
              {
                "capacity_reservation_preference": "open",
                "capacity_reservation_target": []
              }
            ],
            "cpu_core_count": 1,
            "cpu_options": [
              {
                "amd_sev_snp": "",
                "core_count": 1,
                "threads_per_core": 1
              }
            ],
            "cpu_threads_per_core": 1,
            "credit_specification": [
              {
                "cpu_credits": "standard"
              }
            ],
            "disable_api_stop": false,
            "disable_api_termination": false,
            "ebs_block_device": [],
            "ebs_optimized": false,
            "enable_primary_ipv6": null,
            "enclave_options": [
              {
                "enabled": false
              }
            ],
            "ephemeral_block_device": [],
            "get_password_data": false,
            "hibernation": false,
            "host_id": "",
            "host_resource_group_arn": null,
            "iam_instance_profile": "",
            "id": "i-09e9c8bbf65e3d069",
            "instance_initiated_shutdown_behavior": "stop",
            "instance_lifecycle": "",
            "instance_market_options": [],
            "instance_state": "running",
            "instance_type": "t2.micro",
            "ipv6_address_count": 0,
            "ipv6_addresses": [],
            "key_name": "devops-key",
            "launch_template": [],
            "maintenance_options": [
              {
                "auto_recovery": "default"
              }
            ],
            "metadata_options": [
              {
                "http_endpoint": "enabled",
                "http_protocol_ipv6": "disabled",
                "http_put_response_hop_limit": 2,
                "http_tokens": "required",
                "instance_metadata_tags": "disabled"
              }
            ],
            "monitoring": false,
            "network_interface": [],
            "outpost_arn": "",
            "password_data": "",
            "placement_group": "",
            "placement_partition_number": 0,
            "primary_network_interface_id": "eni-0d071ff13dc02ec1c",
            "private_dns": "ip-10-0-1-98.eu-west-2.compute.internal",
            "private_dns_name_options": [
              {
                "enable_resource_name_dns_a_record": false,
                "enable_resource_name_dns_aaaa_record": false,
                "hostname_type": "ip-name"
              }
            ],
            "private_ip": "10.0.1.98",
            "public_dns": "ec2-35-177-202-94.eu-west-2.compute.amazonaws.com",
            "public_ip": "35.177.202.94",
            "root_block_device": [
              {
                "delete_on_termination": true,
                "device_name": "/dev/sda1",
                "encrypted": false,
                "iops": 3000,
                "kms_key_id": "",
                "tags": {},
                "tags_all": {},
                "throughput": 125,
                "volume_id": "vol-0556fefab4d1bc543",
                "volume_size": 8,
                "volume_type": "gp3"
              }
            ],
            "secondary_private_ips": [],
            "security_groups": [],
            "source_dest_check": true,
            "spot_instance_request_id": "",
            "subnet_id": "subnet-02591eed851906164",
            "tags": {
              "Name": "Terraform-EC2-Instance"
            },
            "tags_all": {
              "Name": "Terraform-EC2-Instance"
            },
            "tenancy": "default",
            "timeouts": null,
            "user_data": null,
            "user_data_base64": null,
            "user_data_replace_on_change": false,
            "volume_tags": null,
            "vpc_security_group_ids": [
              "sg-05c4c2791aa8aadb0"
            ]
          },
          "sensitive_attributes": [],
          "private": "eyJlMmJmYjczMC1lY2FhLTExZTYtOGY4OC0zNDM2M2JjN2M0YzAiOnsiY3JlYXRlIjo2MDAwMDAwMDAwMDAsImRlbGV0ZSI6MTIwMDAwMDAwMDAwMCwicmVhZCI6OTAwMDAwMDAwMDAwLCJ1cGRhdGUiOjYwMDAwMDAwMDAwMH0sInNjaGVtYV92ZXJzaW9uIjoiMSJ9",
          "dependencies": [
            "aws_key_pair.devops_key",
            "aws_security_group.web_sg",
            "aws_subnet.devops_subnet_1",
            "aws_vpc.devops_playground",
            "tls_private_key.devops_key"
          ]
        }
      ]
    },
    {
      "mode": "managed",
      "type": "aws_internet_gateway",
      "name": "devops_igw",
      "provider": "provider[\"registry.terraform.io/hashicorp/aws\"]",
      "instances": [
        {
          "schema_version": 0,
          "attributes": {
            "arn": "arn:aws:ec2:eu-west-2:597088025647:internet-gateway/igw-0e6c246a9fbf45725",
            "id": "igw-0e6c246a9fbf45725",
            "owner_id": "597088025647",
            "tags": {
              "Name": "devops-igw"
            },
            "tags_all": {
              "Name": "devops-igw"
            },
            "timeouts": null,
            "vpc_id": "vpc-0c25218523b5200bb"
          },
          "sensitive_attributes": [],
          "private": "eyJlMmJmYjczMC1lY2FhLTExZTYtOGY4OC0zNDM2M2JjN2M0YzAiOnsiY3JlYXRlIjoxMjAwMDAwMDAwMDAwLCJkZWxldGUiOjEyMDAwMDAwMDAwMDAsInVwZGF0ZSI6MTIwMDAwMDAwMDAwMH19",
          "dependencies": [
            "aws_vpc.devops_playground"
          ]
        }
      ]
    },
    {
      "mode": "managed",
      "type": "aws_key_pair",
      "name": "devops_key",
      "provider": "provider[\"registry.terraform.io/hashicorp/aws\"]",
      "instances": [
        {
          "schema_version": 1,
          "attributes": {
            "arn": "arn:aws:ec2:eu-west-2:597088025647:key-pair/devops-key",
            "fingerprint": "ed:3c:33:6b:ef:6c:ef:46:d2:7e:c0:fc:9e:70:61:3b",
            "id": "devops-key",
            "key_name": "devops-key",
            "key_name_prefix": "",
            "key_pair_id": "key-0b89e7d3b093f0960",
            "key_type": "rsa",
            "public_key": "ssh-rsa AAAAB3NzaC1yc2EAAAADAQABAAABAQDDT8aenIDeILk4JmoktFoki2aW24Djt39UeSXfvev+hl0BgeOiZ+Dcp8LQdVZ2Cb+W5QpXfB/WOFbP2x/JLSO/omrrlFr8VslvNrfOWh2JoUqsPy+VaOAqXs9EQidYt1CFvDscMhzrA4OAPlBTbYEH26lFUN3L+AMJnuro+vg8IQG9B2jS8ySGzkCipei7BfKbTuOI3mxFKAUGfxhiv4phf91Hw3WsnjWv2ci4050MWj7acDM6ezmPW/ZMrM2jvMEUQ8LevHXvyd1cOQUSC1S9cGrGDxMUFzpyyIL49uSNI5Y2Pjv54Yg3S3mTObXZ7SRyQg6SqAmGjxjJYnev0aPj",
            "tags": null,
            "tags_all": {}
          },
          "sensitive_attributes": [],
          "private": "eyJzY2hlbWFfdmVyc2lvbiI6IjEifQ==",
          "dependencies": [
            "tls_private_key.devops_key"
          ]
        }
      ]
    },
    {
      "mode": "managed",
      "type": "aws_lb",
      "name": "web_lb",
      "provider": "provider[\"registry.terraform.io/hashicorp/aws\"]",
      "instances": [
        {
          "schema_version": 0,
          "attributes": {
            "access_logs": [
              {
                "bucket": "",
                "enabled": false,
                "prefix": ""
              }
            ],
            "arn": "arn:aws:elasticloadbalancing:eu-west-2:597088025647:loadbalancer/app/web-load-balancer/41d6e092768263e3",
            "arn_suffix": "app/web-load-balancer/41d6e092768263e3",
            "client_keep_alive": 3600,
            "connection_logs": [
              {
                "bucket": "",
                "enabled": false,
                "prefix": ""
              }
            ],
            "customer_owned_ipv4_pool": "",
            "desync_mitigation_mode": "defensive",
            "dns_name": "web-load-balancer-1822170835.eu-west-2.elb.amazonaws.com",
            "dns_record_client_routing_policy": null,
            "drop_invalid_header_fields": false,
            "enable_cross_zone_load_balancing": true,
            "enable_deletion_protection": false,
            "enable_http2": true,
            "enable_tls_version_and_cipher_suite_headers": false,
            "enable_waf_fail_open": false,
            "enable_xff_client_port": false,
            "enable_zonal_shift": false,
            "enforce_security_group_inbound_rules_on_private_link_traffic": "",
            "id": "arn:aws:elasticloadbalancing:eu-west-2:597088025647:loadbalancer/app/web-load-balancer/41d6e092768263e3",
            "idle_timeout": 60,
            "internal": false,
            "ip_address_type": "ipv4",
            "load_balancer_type": "application",
            "name": "web-load-balancer",
            "name_prefix": "",
            "preserve_host_header": false,
            "security_groups": [
              "sg-05c4c2791aa8aadb0"
            ],
            "subnet_mapping": [
              {
                "allocation_id": "",
                "ipv6_address": "",
                "outpost_id": "",
                "private_ipv4_address": "",
                "subnet_id": "subnet-01f26c23fc63cfe93"
              },
              {
                "allocation_id": "",
                "ipv6_address": "",
                "outpost_id": "",
                "private_ipv4_address": "",
                "subnet_id": "subnet-02591eed851906164"
              }
            ],
            "subnets": [
              "subnet-01f26c23fc63cfe93",
              "subnet-02591eed851906164"
            ],
            "tags": null,
            "tags_all": {},
            "timeouts": null,
            "vpc_id": "vpc-0c25218523b5200bb",
            "xff_header_processing_mode": "append",
            "zone_id": "ZHURV8PSTC4K8"
          },
          "sensitive_attributes": [],
          "private": "eyJlMmJmYjczMC1lY2FhLTExZTYtOGY4OC0zNDM2M2JjN2M0YzAiOnsiY3JlYXRlIjo2MDAwMDAwMDAwMDAsImRlbGV0ZSI6NjAwMDAwMDAwMDAwLCJ1cGRhdGUiOjYwMDAwMDAwMDAwMH19",
          "dependencies": [
            "aws_security_group.web_sg",
            "aws_subnet.devops_subnet_1",
            "aws_subnet.devops_subnet_2",
            "aws_vpc.devops_playground"
          ]
        }
      ]
    },
    {
      "mode": "managed",
      "type": "aws_route_table",
      "name": "devops_route_table",
      "provider": "provider[\"registry.terraform.io/hashicorp/aws\"]",
      "instances": [
        {
          "schema_version": 0,
          "attributes": {
            "arn": "arn:aws:ec2:eu-west-2:597088025647:route-table/rtb-0342ff30714c222f3",
            "id": "rtb-0342ff30714c222f3",
            "owner_id": "597088025647",
            "propagating_vgws": [],
            "route": [
              {
                "carrier_gateway_id": "",
                "cidr_block": "0.0.0.0/0",
                "core_network_arn": "",
                "destination_prefix_list_id": "",
                "egress_only_gateway_id": "",
                "gateway_id": "igw-0e6c246a9fbf45725",
                "ipv6_cidr_block": "",
                "local_gateway_id": "",
                "nat_gateway_id": "",
                "network_interface_id": "",
                "transit_gateway_id": "",
                "vpc_endpoint_id": "",
                "vpc_peering_connection_id": ""
              }
            ],
            "tags": {
              "Name": "devops-route-table"
            },
            "tags_all": {
              "Name": "devops-route-table"
            },
            "timeouts": null,
            "vpc_id": "vpc-0c25218523b5200bb"
          },
          "sensitive_attributes": [],
          "private": "eyJlMmJmYjczMC1lY2FhLTExZTYtOGY4OC0zNDM2M2JjN2M0YzAiOnsiY3JlYXRlIjozMDAwMDAwMDAwMDAsImRlbGV0ZSI6MzAwMDAwMDAwMDAwLCJ1cGRhdGUiOjEyMDAwMDAwMDAwMH19",
          "dependencies": [
            "aws_internet_gateway.devops_igw",
            "aws_vpc.devops_playground"
          ]
        }
      ]
    },
    {
      "mode": "managed",
      "type": "aws_route_table_association",
      "name": "subnet_1_assoc",
      "provider": "provider[\"registry.terraform.io/hashicorp/aws\"]",
      "instances": [
        {
          "schema_version": 0,
          "attributes": {
            "gateway_id": "",
            "id": "rtbassoc-0d528757be11142dd",
            "route_table_id": "rtb-0342ff30714c222f3",
            "subnet_id": "subnet-02591eed851906164",
            "timeouts": null
          },
          "sensitive_attributes": [],
          "private": "eyJlMmJmYjczMC1lY2FhLTExZTYtOGY4OC0zNDM2M2JjN2M0YzAiOnsiY3JlYXRlIjozMDAwMDAwMDAwMDAsImRlbGV0ZSI6MzAwMDAwMDAwMDAwLCJ1cGRhdGUiOjEyMDAwMDAwMDAwMH19",
          "dependencies": [
            "aws_internet_gateway.devops_igw",
            "aws_route_table.devops_route_table",
            "aws_subnet.devops_subnet_1",
            "aws_vpc.devops_playground"
          ]
        }
      ]
    },
    {
      "mode": "managed",
      "type": "aws_route_table_association",
      "name": "subnet_2_assoc",
      "provider": "provider[\"registry.terraform.io/hashicorp/aws\"]",
      "instances": [
        {
          "schema_version": 0,
          "attributes": {
            "gateway_id": "",
            "id": "rtbassoc-0bffb05832e17799b",
            "route_table_id": "rtb-0342ff30714c222f3",
            "subnet_id": "subnet-01f26c23fc63cfe93",
            "timeouts": null
          },
          "sensitive_attributes": [],
          "private": "eyJlMmJmYjczMC1lY2FhLTExZTYtOGY4OC0zNDM2M2JjN2M0YzAiOnsiY3JlYXRlIjozMDAwMDAwMDAwMDAsImRlbGV0ZSI6MzAwMDAwMDAwMDAwLCJ1cGRhdGUiOjEyMDAwMDAwMDAwMH19",
          "dependencies": [
            "aws_internet_gateway.devops_igw",
            "aws_route_table.devops_route_table",
            "aws_subnet.devops_subnet_2",
            "aws_vpc.devops_playground"
          ]
        }
      ]
    },
    {
      "mode": "managed",
      "type": "aws_security_group",
      "name": "web_sg",
      "provider": "provider[\"registry.terraform.io/hashicorp/aws\"]",
      "instances": [
        {
          "schema_version": 1,
          "attributes": {
            "arn": "arn:aws:ec2:eu-west-2:597088025647:security-group/sg-05c4c2791aa8aadb0",
            "description": "Allow inbound SSH, HTTP, and HTTPS",
            "egress": [
              {
                "cidr_blocks": [
                  "0.0.0.0/0"
                ],
                "description": "",
                "from_port": 0,
                "ipv6_cidr_blocks": [],
                "prefix_list_ids": [],
                "protocol": "-1",
                "security_groups": [],
                "self": false,
                "to_port": 0
              }
            ],
            "id": "sg-05c4c2791aa8aadb0",
            "ingress": [
              {
                "cidr_blocks": [
                  "0.0.0.0/0"
                ],
                "description": "",
                "from_port": 22,
                "ipv6_cidr_blocks": [],
                "prefix_list_ids": [],
                "protocol": "tcp",
                "security_groups": [],
                "self": false,
                "to_port": 22
              },
              {
                "cidr_blocks": [
                  "0.0.0.0/0"
                ],
                "description": "",
                "from_port": 443,
                "ipv6_cidr_blocks": [],
                "prefix_list_ids": [],
                "protocol": "tcp",
                "security_groups": [],
                "self": false,
                "to_port": 443
              },
              {
                "cidr_blocks": [
                  "0.0.0.0/0"
                ],
                "description": "",
                "from_port": 80,
                "ipv6_cidr_blocks": [],
                "prefix_list_ids": [],
                "protocol": "tcp",
                "security_groups": [],
                "self": false,
                "to_port": 80
              }
            ],
            "name": "web-sg",
            "name_prefix": "",
            "owner_id": "597088025647",
            "revoke_rules_on_delete": false,
            "tags": null,
            "tags_all": {},
            "timeouts": null,
            "vpc_id": "vpc-0c25218523b5200bb"
          },
          "sensitive_attributes": [],
          "private": "eyJlMmJmYjczMC1lY2FhLTExZTYtOGY4OC0zNDM2M2JjN2M0YzAiOnsiY3JlYXRlIjo2MDAwMDAwMDAwMDAsImRlbGV0ZSI6OTAwMDAwMDAwMDAwfSwic2NoZW1hX3ZlcnNpb24iOiIxIn0=",
          "dependencies": [
            "aws_vpc.devops_playground"
          ]
        }
      ]
    },
    {
      "mode": "managed",
      "type": "aws_subnet",
      "name": "devops_subnet_1",
      "provider": "provider[\"registry.terraform.io/hashicorp/aws\"]",
      "instances": [
        {
          "schema_version": 1,
          "attributes": {
            "arn": "arn:aws:ec2:eu-west-2:597088025647:subnet/subnet-02591eed851906164",
            "assign_ipv6_address_on_creation": false,
            "availability_zone": "eu-west-2a",
            "availability_zone_id": "euw2-az2",
            "cidr_block": "10.0.1.0/24",
            "customer_owned_ipv4_pool": "",
            "enable_dns64": false,
            "enable_lni_at_device_index": 0,
            "enable_resource_name_dns_a_record_on_launch": false,
            "enable_resource_name_dns_aaaa_record_on_launch": false,
            "id": "subnet-02591eed851906164",
            "ipv6_cidr_block": "",
            "ipv6_cidr_block_association_id": "",
            "ipv6_native": false,
            "map_customer_owned_ip_on_launch": false,
            "map_public_ip_on_launch": true,
            "outpost_arn": "",
            "owner_id": "597088025647",
            "private_dns_hostname_type_on_launch": "ip-name",
            "tags": {
              "Name": "devops-subnet-1"
            },
            "tags_all": {
              "Name": "devops-subnet-1"
            },
            "timeouts": null,
            "vpc_id": "vpc-0c25218523b5200bb"
          },
          "sensitive_attributes": [],
          "private": "eyJlMmJmYjczMC1lY2FhLTExZTYtOGY4OC0zNDM2M2JjN2M0YzAiOnsiY3JlYXRlIjo2MDAwMDAwMDAwMDAsImRlbGV0ZSI6MTIwMDAwMDAwMDAwMH0sInNjaGVtYV92ZXJzaW9uIjoiMSJ9",
          "dependencies": [
            "aws_vpc.devops_playground"
          ]
        }
      ]
    },
    {
      "mode": "managed",
      "type": "aws_subnet",
      "name": "devops_subnet_2",
      "provider": "provider[\"registry.terraform.io/hashicorp/aws\"]",
      "instances": [
        {
          "schema_version": 1,
          "attributes": {
            "arn": "arn:aws:ec2:eu-west-2:597088025647:subnet/subnet-01f26c23fc63cfe93",
            "assign_ipv6_address_on_creation": false,
            "availability_zone": "eu-west-2b",
            "availability_zone_id": "euw2-az3",
            "cidr_block": "10.0.2.0/24",
            "customer_owned_ipv4_pool": "",
            "enable_dns64": false,
            "enable_lni_at_device_index": 0,
            "enable_resource_name_dns_a_record_on_launch": false,
            "enable_resource_name_dns_aaaa_record_on_launch": false,
            "id": "subnet-01f26c23fc63cfe93",
            "ipv6_cidr_block": "",
            "ipv6_cidr_block_association_id": "",
            "ipv6_native": false,
            "map_customer_owned_ip_on_launch": false,
            "map_public_ip_on_launch": true,
            "outpost_arn": "",
            "owner_id": "597088025647",
            "private_dns_hostname_type_on_launch": "ip-name",
            "tags": {
              "Name": "devops-subnet-2"
            },
            "tags_all": {
              "Name": "devops-subnet-2"
            },
            "timeouts": null,
            "vpc_id": "vpc-0c25218523b5200bb"
          },
          "sensitive_attributes": [],
          "private": "eyJlMmJmYjczMC1lY2FhLTExZTYtOGY4OC0zNDM2M2JjN2M0YzAiOnsiY3JlYXRlIjo2MDAwMDAwMDAwMDAsImRlbGV0ZSI6MTIwMDAwMDAwMDAwMH0sInNjaGVtYV92ZXJzaW9uIjoiMSJ9",
          "dependencies": [
            "aws_vpc.devops_playground"
          ]
        }
      ]
    },
    {
      "mode": "managed",
      "type": "aws_vpc",
      "name": "devops_playground",
      "provider": "provider[\"registry.terraform.io/hashicorp/aws\"]",
      "instances": [
        {
          "schema_version": 1,
          "attributes": {
            "arn": "arn:aws:ec2:eu-west-2:597088025647:vpc/vpc-0c25218523b5200bb",
            "assign_generated_ipv6_cidr_block": false,
            "cidr_block": "10.0.0.0/16",
            "default_network_acl_id": "acl-0c6241bcda480f6ef",
            "default_route_table_id": "rtb-0f506ba61c9c7f9e2",
            "default_security_group_id": "sg-0e37ba6bcff443ee6",
            "dhcp_options_id": "dopt-078d2d882f65c0302",
            "enable_dns_hostnames": true,
            "enable_dns_support": true,
            "enable_network_address_usage_metrics": false,
            "id": "vpc-0c25218523b5200bb",
            "instance_tenancy": "default",
            "ipv4_ipam_pool_id": null,
            "ipv4_netmask_length": null,
            "ipv6_association_id": "",
            "ipv6_cidr_block": "",
            "ipv6_cidr_block_network_border_group": "",
            "ipv6_ipam_pool_id": "",
            "ipv6_netmask_length": 0,
            "main_route_table_id": "rtb-0f506ba61c9c7f9e2",
            "owner_id": "597088025647",
            "tags": {
              "Name": "devops-playground"
            },
            "tags_all": {
              "Name": "devops-playground"
            }
          },
          "sensitive_attributes": [],
          "private": "eyJzY2hlbWFfdmVyc2lvbiI6IjEifQ=="
        }
      ]
    },
    {
      "mode": "managed",
      "type": "tls_private_key",
      "name": "devops_key",
      "provider": "provider[\"registry.terraform.io/hashicorp/tls\"]",
      "instances": [
        {
          "schema_version": 1,
          "attributes": {
            "algorithm": "RSA",
            "ecdsa_curve": "P224",
            "id": "44e710b63b3ad1d4bd89f448fcad798b86d2062d",
            "private_key_openssh": "-----BEGIN OPENSSH PRIVATE KEY-----\nb3BlbnNzaC1rZXktdjEAAAAABG5vbmUAAAAEbm9uZQAAAAAAAAABAAABFwAAAAdz\nc2gtcnNhAAAAAwEAAQAAAQEAw0/GnpyA3iC5OCZqJLRaJItmltuA47d/VHkl373r\n/oZdAYHjomfg3KfC0HVWdgm/luUKV3wf1jhWz9sfyS0jv6Jq65Ra/FbJbza3zlod\niaFKrD8vlWjgKl7PREInWLdQhbw7HDIc6wODgD5QU22BB9upRVDdy/gDCZ7q6Pr4\nPCEBvQdo0vMkhs5AoqXouwXym07jiN5sRSgFBn8YYr+KYX/dR8N1rJ41r9nIuNOd\nDFo+2nAzOns5j1v2TKzNo7zBFEPC3rx178ndXDkFEgtUvXBqxg8TFBc6csiC+Pbk\njSOWNj47+eGIN0t5kzm12e0kckIOkqgJho8YyWJ3r9Gj4wAAA7ilWKAdpVigHQAA\nAAdzc2gtcnNhAAABAQDDT8aenIDeILk4JmoktFoki2aW24Djt39UeSXfvev+hl0B\ngeOiZ+Dcp8LQdVZ2Cb+W5QpXfB/WOFbP2x/JLSO/omrrlFr8VslvNrfOWh2JoUqs\nPy+VaOAqXs9EQidYt1CFvDscMhzrA4OAPlBTbYEH26lFUN3L+AMJnuro+vg8IQG9\nB2jS8ySGzkCipei7BfKbTuOI3mxFKAUGfxhiv4phf91Hw3WsnjWv2ci4050MWj7a\ncDM6ezmPW/ZMrM2jvMEUQ8LevHXvyd1cOQUSC1S9cGrGDxMUFzpyyIL49uSNI5Y2\nPjv54Yg3S3mTObXZ7SRyQg6SqAmGjxjJYnev0aPjAAAAAwEAAQAAAQBKnVaGz8lX\nku7PqbVRMmlhnrPhnBgAZuDJF8NFV9wpj5FGeyXIrKC2C40ccEdIru63qeaqh2vu\nPfXEULUy+QC4PEdWmoWr80ffKetMdRbltm29oiH+lWNWLIRIUnGPrfCgNsnqOqbb\njasWOjgbtzDdHKjtJzikrKoUadbajM56wYJ4P2qQ9RmAATjbCGaxhHR5OWG/JpjF\nQSwl6xj+pn0S4DZrMhDt4y3EXZRQgiwkcG1dC3/uPlfYraVC3fCOH0ydZXBWtKjo\nBoRyOmePonajZMas1Cng9lP0gMEPkxL7MrplaHwfaeZ5bVB+hyG7K5oEaEE+Wdrn\nr8yr5gvF99o5AAAAgQCHZckRtfWVgpf0i9njrpLbFTMllTh9mkZ5/19SMKW+j7Xq\n7A0qiiUBn/cdUIw2RS1T1O5OEKHIasOPv5ORruxbDzBVL/rvlt9EmOs7/mtC0IPT\ndLbTG71T6AhA85PLQ03TQYz8Z/OSf6HWVeN7+fwI1EEkq4XN95qmMLudNyS6qAAA\nAIEA4nXdMLOyOZ3v0ySlMA8F9a7d7jRpnN519De0lqBgn8gPlFOUExjjFOjdk1P6\nRNZVpYxTv6/z0P3KnfjILNsSCbuDQKzujlfYZG7O8DVWdkjdDOQenfPyCm9edVtA\n2URCTQVl+z+LZbqd/piuxUHbilnxfHZYTu0LPqPF4DZqdMcAAACBANzJxLAtvEQH\nTQgRsspM5Z4+nrcDnW8yZ/t87aFTdOm0wawCGJ+MZgzqP0l25rEMcrPFwPMBx101\nZVE/MiYQekNju6JPM2kvzHQaluD4dOEDV1s1K93zGkSrVxnKXzgTuVIv8jf0uv5z\nhLG2yU8RloC6HDkWMiqL07RmWSRAA8QFAAAAAAEC\n-----END OPENSSH PRIVATE KEY-----\n",
            "private_key_pem": "-----BEGIN RSA PRIVATE KEY-----\nMIIEpQIBAAKCAQEAw0/GnpyA3iC5OCZqJLRaJItmltuA47d/VHkl373r/oZdAYHj\nomfg3KfC0HVWdgm/luUKV3wf1jhWz9sfyS0jv6Jq65Ra/FbJbza3zlodiaFKrD8v\nlWjgKl7PREInWLdQhbw7HDIc6wODgD5QU22BB9upRVDdy/gDCZ7q6Pr4PCEBvQdo\n0vMkhs5AoqXouwXym07jiN5sRSgFBn8YYr+KYX/dR8N1rJ41r9nIuNOdDFo+2nAz\nOns5j1v2TKzNo7zBFEPC3rx178ndXDkFEgtUvXBqxg8TFBc6csiC+PbkjSOWNj47\n+eGIN0t5kzm12e0kckIOkqgJho8YyWJ3r9Gj4wIDAQABAoIBAEqdVobPyVeS7s+p\ntVEyaWGes+GcGABm4MkXw0VX3CmPkUZ7JcisoLYLjRxwR0iu7rep5qqHa+499cRQ\ntTL5ALg8R1aahavzR98p60x1FuW2bb2iIf6VY1YshEhScY+t8KA2yeo6ptuNqxY6\nOBu3MN0cqO0nOKSsqhRp1tqMznrBgng/apD1GYABONsIZrGEdHk5Yb8mmMVBLCXr\nGP6mfRLgNmsyEO3jLcRdlFCCLCRwbV0Lf+4+V9itpULd8I4fTJ1lcFa0qOgGhHI6\nZ4+idqNkxqzUKeD2U/SAwQ+TEvsyumVofB9p5nltUH6HIbsrmgRoQT5Z2uevzKvm\nC8X32jkCgYEA4nXdMLOyOZ3v0ySlMA8F9a7d7jRpnN519De0lqBgn8gPlFOUExjj\nFOjdk1P6RNZVpYxTv6/z0P3KnfjILNsSCbuDQKzujlfYZG7O8DVWdkjdDOQenfPy\nCm9edVtA2URCTQVl+z+LZbqd/piuxUHbilnxfHZYTu0LPqPF4DZqdMcCgYEA3MnE\nsC28RAdNCBGyykzlnj6etwOdbzJn+3ztoVN06bTBrAIYn4xmDOo/SXbmsQxys8XA\n8wHHXTVlUT8yJhB6Q2O7ok8zaS/MdBqW4Ph04QNXWzUr3fMaRKtXGcpfOBO5Ui/y\nN/S6/nOEsbbJTxGWgLocORYyKovTtGZZJEADxAUCgYEA1yWxIg7muRSSf1+mTHVJ\nbTNYB3HmELHNEFtIB36QrdyM6JdK66XOP9RIhirXb0TOE7yw6EFK+3fSYqizzOHI\nTlTGitCAx90vaaNYmR+jaDcrQ48Kg3f6sO1DqW0ru/68mp4RWFTzo49bgUEfcapy\n4As5gMySc1GDSFyhprUsCIsCgYEAr7LdE/qBXH2W3nn/FqAVBlX8xdVZnpi1SNuE\n2yHn4udWTASrBaSbvWFYFaVKNdCbItaXEory1Qjd5MbuqH3qXeBq++IdHnLMOATE\n1qjBkiKvjMSGcSy5VbYoLTzvg1em3XGMRt05Ra42BZpZHtP3Od9hAEjaiSMWyPO9\nsmxC0uUCgYEAh2XJEbX1lYKX9IvZ466S2xUzJZU4fZpGef9fUjClvo+16uwNKool\nAZ/3HVCMNkUtU9TuThChyGrDj7+Tka7sWw8wVS/675bfRJjrO/5rQtCD03S20xu9\nU+gIQPOTy0NN00GM/Gfzkn+h1lXje/n8CNRBJKuFzfeapjC7nTckuqg=\n-----END RSA PRIVATE KEY-----\n",
            "private_key_pem_pkcs8": "-----BEGIN PRIVATE KEY-----\nMIIEvwIBADANBgkqhkiG9w0BAQEFAASCBKkwggSlAgEAAoIBAQDDT8aenIDeILk4\nJmoktFoki2aW24Djt39UeSXfvev+hl0BgeOiZ+Dcp8LQdVZ2Cb+W5QpXfB/WOFbP\n2x/JLSO/omrrlFr8VslvNrfOWh2JoUqsPy+VaOAqXs9EQidYt1CFvDscMhzrA4OA\nPlBTbYEH26lFUN3L+AMJnuro+vg8IQG9B2jS8ySGzkCipei7BfKbTuOI3mxFKAUG\nfxhiv4phf91Hw3WsnjWv2ci4050MWj7acDM6ezmPW/ZMrM2jvMEUQ8LevHXvyd1c\nOQUSC1S9cGrGDxMUFzpyyIL49uSNI5Y2Pjv54Yg3S3mTObXZ7SRyQg6SqAmGjxjJ\nYnev0aPjAgMBAAECggEASp1Whs/JV5Luz6m1UTJpYZ6z4ZwYAGbgyRfDRVfcKY+R\nRnslyKygtguNHHBHSK7ut6nmqodr7j31xFC1MvkAuDxHVpqFq/NH3ynrTHUW5bZt\nvaIh/pVjViyESFJxj63woDbJ6jqm242rFjo4G7cw3Ryo7Sc4pKyqFGnW2ozOesGC\neD9qkPUZgAE42whmsYR0eTlhvyaYxUEsJesY/qZ9EuA2azIQ7eMtxF2UUIIsJHBt\nXQt/7j5X2K2lQt3wjh9MnWVwVrSo6AaEcjpnj6J2o2TGrNQp4PZT9IDBD5MS+zK6\nZWh8H2nmeW1QfochuyuaBGhBPlna56/Mq+YLxffaOQKBgQDidd0ws7I5ne/TJKUw\nDwX1rt3uNGmc3nX0N7SWoGCfyA+UU5QTGOMU6N2TU/pE1lWljFO/r/PQ/cqd+Mgs\n2xIJu4NArO6OV9hkbs7wNVZ2SN0M5B6d8/IKb151W0DZREJNBWX7P4tlup3+mK7F\nQduKWfF8dlhO7Qs+o8XgNmp0xwKBgQDcycSwLbxEB00IEbLKTOWePp63A51vMmf7\nfO2hU3TptMGsAhifjGYM6j9JduaxDHKzxcDzAcddNWVRPzImEHpDY7uiTzNpL8x0\nGpbg+HThA1dbNSvd8xpEq1cZyl84E7lSL/I39Lr+c4SxtslPEZaAuhw5FjIqi9O0\nZlkkQAPEBQKBgQDXJbEiDua5FJJ/X6ZMdUltM1gHceYQsc0QW0gHfpCt3Izol0rr\npc4/1EiGKtdvRM4TvLDoQUr7d9JiqLPM4chOVMaK0IDH3S9po1iZH6NoNytDjwqD\nd/qw7UOpbSu7/ryanhFYVPOjj1uBQR9xqnLgCzmAzJJzUYNIXKGmtSwIiwKBgQCv\nst0T+oFcfZbeef8WoBUGVfzF1VmemLVI24TbIefi51ZMBKsFpJu9YVgVpUo10Jsi\n1pcSivLVCN3kxu6ofepd4Gr74h0ecsw4BMTWqMGSIq+MxIZxLLlVtigtPO+DV6bd\ncYxG3TlFrjYFmlke0/c532EASNqJIxbI872ybELS5QKBgQCHZckRtfWVgpf0i9nj\nrpLbFTMllTh9mkZ5/19SMKW+j7Xq7A0qiiUBn/cdUIw2RS1T1O5OEKHIasOPv5OR\nruxbDzBVL/rvlt9EmOs7/mtC0IPTdLbTG71T6AhA85PLQ03TQYz8Z/OSf6HWVeN7\n+fwI1EEkq4XN95qmMLudNyS6qA==\n-----END PRIVATE KEY-----\n",
            "public_key_fingerprint_md5": "90:bb:d6:9e:fb:57:a0:fd:d5:34:df:0d:9a:d7:3c:bf",
            "public_key_fingerprint_sha256": "SHA256:hlXIbId1OJT2xp2wcxjXE3MnjdlOOh9X8zCKK8Pkjh8",
            "public_key_openssh": "ssh-rsa AAAAB3NzaC1yc2EAAAADAQABAAABAQDDT8aenIDeILk4JmoktFoki2aW24Djt39UeSXfvev+hl0BgeOiZ+Dcp8LQdVZ2Cb+W5QpXfB/WOFbP2x/JLSO/omrrlFr8VslvNrfOWh2JoUqsPy+VaOAqXs9EQidYt1CFvDscMhzrA4OAPlBTbYEH26lFUN3L+AMJnuro+vg8IQG9B2jS8ySGzkCipei7BfKbTuOI3mxFKAUGfxhiv4phf91Hw3WsnjWv2ci4050MWj7acDM6ezmPW/ZMrM2jvMEUQ8LevHXvyd1cOQUSC1S9cGrGDxMUFzpyyIL49uSNI5Y2Pjv54Yg3S3mTObXZ7SRyQg6SqAmGjxjJYnev0aPj\n",
            "public_key_pem": "-----BEGIN PUBLIC KEY-----\nMIIBIjANBgkqhkiG9w0BAQEFAAOCAQ8AMIIBCgKCAQEAw0/GnpyA3iC5OCZqJLRa\nJItmltuA47d/VHkl373r/oZdAYHjomfg3KfC0HVWdgm/luUKV3wf1jhWz9sfyS0j\nv6Jq65Ra/FbJbza3zlodiaFKrD8vlWjgKl7PREInWLdQhbw7HDIc6wODgD5QU22B\nB9upRVDdy/gDCZ7q6Pr4PCEBvQdo0vMkhs5AoqXouwXym07jiN5sRSgFBn8YYr+K\nYX/dR8N1rJ41r9nIuNOdDFo+2nAzOns5j1v2TKzNo7zBFEPC3rx178ndXDkFEgtU\nvXBqxg8TFBc6csiC+PbkjSOWNj47+eGIN0t5kzm12e0kckIOkqgJho8YyWJ3r9Gj\n4wIDAQAB\n-----END PUBLIC KEY-----\n",
            "rsa_bits": 2048
          },
          "sensitive_attributes": [
            [
              {
                "type": "get_attr",
                "value": "private_key_pem_pkcs8"
              }
            ],
            [
              {
                "type": "get_attr",
                "value": "private_key_pem"
              }
            ],
            [
              {
                "type": "get_attr",
                "value": "private_key_openssh"
              }
            ]
          ]
        }
      ]
    }
  ],
  "check_results": null
}
